// !$*UTF8*$!
{
	archiveVersion = 1;
	classes = {
	};
	objectVersion = 46;
	objects = {

/* Begin PBXBuildFile section */
		4EE3F04C1DEC1D56006F28AB /* AppDelegate.swift in Sources */ = {isa = PBXBuildFile; fileRef = 4EE3F04B1DEC1D56006F28AB /* AppDelegate.swift */; };
		4EE3F04E1DEC1D56006F28AB /* ViewController.swift in Sources */ = {isa = PBXBuildFile; fileRef = 4EE3F04D1DEC1D56006F28AB /* ViewController.swift */; };
		4EE3F0511DEC1D56006F28AB /* Main.storyboard in Resources */ = {isa = PBXBuildFile; fileRef = 4EE3F04F1DEC1D56006F28AB /* Main.storyboard */; };
		4EE3F0531DEC1D56006F28AB /* Assets.xcassets in Resources */ = {isa = PBXBuildFile; fileRef = 4EE3F0521DEC1D56006F28AB /* Assets.xcassets */; };
		4EE3F0561DEC1D56006F28AB /* LaunchScreen.storyboard in Resources */ = {isa = PBXBuildFile; fileRef = 4EE3F0541DEC1D56006F28AB /* LaunchScreen.storyboard */; };
		4EE3F0611DEC1D56006F28AB /* ClearTableViewCellTests.swift in Sources */ = {isa = PBXBuildFile; fileRef = 4EE3F0601DEC1D56006F28AB /* ClearTableViewCellTests.swift */; };
		4EE3F06C1DEC1D56006F28AB /* ClearTableViewCellUITests.swift in Sources */ = {isa = PBXBuildFile; fileRef = 4EE3F06B1DEC1D56006F28AB /* ClearTableViewCellUITests.swift */; };
		4EE3F07B1DEC23A3006F28AB /* TableViewCell.swift in Sources */ = {isa = PBXBuildFile; fileRef = 4EE3F0791DEC23A3006F28AB /* TableViewCell.swift */; };
/* End PBXBuildFile section */

/* Begin PBXContainerItemProxy section */
		4EE3F05D1DEC1D56006F28AB /* PBXContainerItemProxy */ = {
			isa = PBXContainerItemProxy;
			containerPortal = 4EE3F0401DEC1D56006F28AB /* Project object */;
			proxyType = 1;
			remoteGlobalIDString = 4EE3F0471DEC1D56006F28AB;
			remoteInfo = ClearTableViewCell;
		};
		4EE3F0681DEC1D56006F28AB /* PBXContainerItemProxy */ = {
			isa = PBXContainerItemProxy;
			containerPortal = 4EE3F0401DEC1D56006F28AB /* Project object */;
			proxyType = 1;
			remoteGlobalIDString = 4EE3F0471DEC1D56006F28AB;
			remoteInfo = ClearTableViewCell;
		};
/* End PBXContainerItemProxy section */

/* Begin PBXFileReference section */
		4EE3F0481DEC1D56006F28AB /* ClearTableViewCell.app */ = {isa = PBXFileReference; explicitFileType = wrapper.application; includeInIndex = 0; path = ClearTableViewCell.app; sourceTree = BUILT_PRODUCTS_DIR; };
		4EE3F04B1DEC1D56006F28AB /* AppDelegate.swift */ = {isa = PBXFileReference; lastKnownFileType = sourcecode.swift; path = AppDelegate.swift; sourceTree = "<group>"; };
		4EE3F04D1DEC1D56006F28AB /* ViewController.swift */ = {isa = PBXFileReference; lastKnownFileType = sourcecode.swift; path = ViewController.swift; sourceTree = "<group>"; };
		4EE3F0501DEC1D56006F28AB /* Base */ = {isa = PBXFileReference; lastKnownFileType = file.storyboard; name = Base; path = Base.lproj/Main.storyboard; sourceTree = "<group>"; };
		4EE3F0521DEC1D56006F28AB /* Assets.xcassets */ = {isa = PBXFileReference; lastKnownFileType = folder.assetcatalog; path = Assets.xcassets; sourceTree = "<group>"; };
		4EE3F0551DEC1D56006F28AB /* Base */ = {isa = PBXFileReference; lastKnownFileType = file.storyboard; name = Base; path = Base.lproj/LaunchScreen.storyboard; sourceTree = "<group>"; };
		4EE3F0571DEC1D56006F28AB /* Info.plist */ = {isa = PBXFileReference; lastKnownFileType = text.plist.xml; path = Info.plist; sourceTree = "<group>"; };
		4EE3F05C1DEC1D56006F28AB /* ClearTableViewCellTests.xctest */ = {isa = PBXFileReference; explicitFileType = wrapper.cfbundle; includeInIndex = 0; path = ClearTableViewCellTests.xctest; sourceTree = BUILT_PRODUCTS_DIR; };
		4EE3F0601DEC1D56006F28AB /* ClearTableViewCellTests.swift */ = {isa = PBXFileReference; lastKnownFileType = sourcecode.swift; path = ClearTableViewCellTests.swift; sourceTree = "<group>"; };
		4EE3F0621DEC1D56006F28AB /* Info.plist */ = {isa = PBXFileReference; lastKnownFileType = text.plist.xml; path = Info.plist; sourceTree = "<group>"; };
		4EE3F0671DEC1D56006F28AB /* ClearTableViewCellUITests.xctest */ = {isa = PBXFileReference; explicitFileType = wrapper.cfbundle; includeInIndex = 0; path = ClearTableViewCellUITests.xctest; sourceTree = BUILT_PRODUCTS_DIR; };
		4EE3F06B1DEC1D56006F28AB /* ClearTableViewCellUITests.swift */ = {isa = PBXFileReference; lastKnownFileType = sourcecode.swift; path = ClearTableViewCellUITests.swift; sourceTree = "<group>"; };
		4EE3F06D1DEC1D56006F28AB /* Info.plist */ = {isa = PBXFileReference; lastKnownFileType = text.plist.xml; path = Info.plist; sourceTree = "<group>"; };
		4EE3F0791DEC23A3006F28AB /* TableViewCell.swift */ = {isa = PBXFileReference; fileEncoding = 4; lastKnownFileType = sourcecode.swift; path = TableViewCell.swift; sourceTree = "<group>"; };
/* End PBXFileReference section */

/* Begin PBXFrameworksBuildPhase section */
		4EE3F0451DEC1D56006F28AB /* Frameworks */ = {
			isa = PBXFrameworksBuildPhase;
			buildActionMask = 2147483647;
			files = (
			);
			runOnlyForDeploymentPostprocessing = 0;
		};
		4EE3F0591DEC1D56006F28AB /* Frameworks */ = {
			isa = PBXFrameworksBuildPhase;
			buildActionMask = 2147483647;
			files = (
			);
			runOnlyForDeploymentPostprocessing = 0;
		};
		4EE3F0641DEC1D56006F28AB /* Frameworks */ = {
			isa = PBXFrameworksBuildPhase;
			buildActionMask = 2147483647;
			files = (
			);
			runOnlyForDeploymentPostprocessing = 0;
		};
/* End PBXFrameworksBuildPhase section */

/* Begin PBXGroup section */
		4EE3F03F1DEC1D56006F28AB = {
			isa = PBXGroup;
			children = (
				4EE3F04A1DEC1D56006F28AB /* ClearTableViewCell */,
				4EE3F05F1DEC1D56006F28AB /* ClearTableViewCellTests */,
				4EE3F06A1DEC1D56006F28AB /* ClearTableViewCellUITests */,
				4EE3F0491DEC1D56006F28AB /* Products */,
			);
			sourceTree = "<group>";
		};
		4EE3F0491DEC1D56006F28AB /* Products */ = {
			isa = PBXGroup;
			children = (
				4EE3F0481DEC1D56006F28AB /* ClearTableViewCell.app */,
				4EE3F05C1DEC1D56006F28AB /* ClearTableViewCellTests.xctest */,
				4EE3F0671DEC1D56006F28AB /* ClearTableViewCellUITests.xctest */,
			);
			name = Products;
			sourceTree = "<group>";
		};
		4EE3F04A1DEC1D56006F28AB /* ClearTableViewCell */ = {
			isa = PBXGroup;
			children = (
				4EE3F04B1DEC1D56006F28AB /* AppDelegate.swift */,
				4EE3F04D1DEC1D56006F28AB /* ViewController.swift */,
				4EE3F0791DEC23A3006F28AB /* TableViewCell.swift */,
				4EE3F04F1DEC1D56006F28AB /* Main.storyboard */,
				4EE3F0521DEC1D56006F28AB /* Assets.xcassets */,
				4EE3F0541DEC1D56006F28AB /* LaunchScreen.storyboard */,
				4EE3F0571DEC1D56006F28AB /* Info.plist */,
			);
			path = ClearTableViewCell;
			sourceTree = "<group>";
		};
		4EE3F05F1DEC1D56006F28AB /* ClearTableViewCellTests */ = {
			isa = PBXGroup;
			children = (
				4EE3F0601DEC1D56006F28AB /* ClearTableViewCellTests.swift */,
				4EE3F0621DEC1D56006F28AB /* Info.plist */,
			);
			path = ClearTableViewCellTests;
			sourceTree = "<group>";
		};
		4EE3F06A1DEC1D56006F28AB /* ClearTableViewCellUITests */ = {
			isa = PBXGroup;
			children = (
				4EE3F06B1DEC1D56006F28AB /* ClearTableViewCellUITests.swift */,
				4EE3F06D1DEC1D56006F28AB /* Info.plist */,
			);
			path = ClearTableViewCellUITests;
			sourceTree = "<group>";
		};
/* End PBXGroup section */

/* Begin PBXNativeTarget section */
		4EE3F0471DEC1D56006F28AB /* ClearTableViewCell */ = {
			isa = PBXNativeTarget;
			buildConfigurationList = 4EE3F0701DEC1D56006F28AB /* Build configuration list for PBXNativeTarget "ClearTableViewCell" */;
			buildPhases = (
				4EE3F0441DEC1D56006F28AB /* Sources */,
				4EE3F0451DEC1D56006F28AB /* Frameworks */,
				4EE3F0461DEC1D56006F28AB /* Resources */,
			);
			buildRules = (
			);
			dependencies = (
			);
			name = ClearTableViewCell;
			productName = ClearTableViewCell;
			productReference = 4EE3F0481DEC1D56006F28AB /* ClearTableViewCell.app */;
			productType = "com.apple.product-type.application";
		};
		4EE3F05B1DEC1D56006F28AB /* ClearTableViewCellTests */ = {
			isa = PBXNativeTarget;
			buildConfigurationList = 4EE3F0731DEC1D56006F28AB /* Build configuration list for PBXNativeTarget "ClearTableViewCellTests" */;
			buildPhases = (
				4EE3F0581DEC1D56006F28AB /* Sources */,
				4EE3F0591DEC1D56006F28AB /* Frameworks */,
				4EE3F05A1DEC1D56006F28AB /* Resources */,
			);
			buildRules = (
			);
			dependencies = (
				4EE3F05E1DEC1D56006F28AB /* PBXTargetDependency */,
			);
			name = ClearTableViewCellTests;
			productName = ClearTableViewCellTests;
			productReference = 4EE3F05C1DEC1D56006F28AB /* ClearTableViewCellTests.xctest */;
			productType = "com.apple.product-type.bundle.unit-test";
		};
		4EE3F0661DEC1D56006F28AB /* ClearTableViewCellUITests */ = {
			isa = PBXNativeTarget;
			buildConfigurationList = 4EE3F0761DEC1D56006F28AB /* Build configuration list for PBXNativeTarget "ClearTableViewCellUITests" */;
			buildPhases = (
				4EE3F0631DEC1D56006F28AB /* Sources */,
				4EE3F0641DEC1D56006F28AB /* Frameworks */,
				4EE3F0651DEC1D56006F28AB /* Resources */,
			);
			buildRules = (
			);
			dependencies = (
				4EE3F0691DEC1D56006F28AB /* PBXTargetDependency */,
			);
			name = ClearTableViewCellUITests;
			productName = ClearTableViewCellUITests;
			productReference = 4EE3F0671DEC1D56006F28AB /* ClearTableViewCellUITests.xctest */;
			productType = "com.apple.product-type.bundle.ui-testing";
		};
/* End PBXNativeTarget section */

/* Begin PBXProject section */
		4EE3F0401DEC1D56006F28AB /* Project object */ = {
			isa = PBXProject;
			attributes = {
				LastSwiftUpdateCheck = 0810;
				LastUpgradeCheck = 0810;
				ORGANIZATIONNAME = ChenZuo;
				TargetAttributes = {
					4EE3F0471DEC1D56006F28AB = {
						CreatedOnToolsVersion = 8.1;
						DevelopmentTeam = HK6UA2S7R6;
						ProvisioningStyle = Automatic;
					};
					4EE3F05B1DEC1D56006F28AB = {
						CreatedOnToolsVersion = 8.1;
						DevelopmentTeam = HK6UA2S7R6;
						ProvisioningStyle = Automatic;
						TestTargetID = 4EE3F0471DEC1D56006F28AB;
					};
					4EE3F0661DEC1D56006F28AB = {
						CreatedOnToolsVersion = 8.1;
						DevelopmentTeam = HK6UA2S7R6;
						ProvisioningStyle = Automatic;
						TestTargetID = 4EE3F0471DEC1D56006F28AB;
					};
				};
			};
			buildConfigurationList = 4EE3F0431DEC1D56006F28AB /* Build configuration list for PBXProject "ClearTableViewCell" */;
			compatibilityVersion = "Xcode 3.2";
			developmentRegion = English;
			hasScannedForEncodings = 0;
			knownRegions = (
				en,
				Base,
			);
			mainGroup = 4EE3F03F1DEC1D56006F28AB;
			productRefGroup = 4EE3F0491DEC1D56006F28AB /* Products */;
			projectDirPath = "";
			projectRoot = "";
			targets = (
				4EE3F0471DEC1D56006F28AB /* ClearTableViewCell */,
				4EE3F05B1DEC1D56006F28AB /* ClearTableViewCellTests */,
				4EE3F0661DEC1D56006F28AB /* ClearTableViewCellUITests */,
			);
		};
/* End PBXProject section */

/* Begin PBXResourcesBuildPhase section */
		4EE3F0461DEC1D56006F28AB /* Resources */ = {
			isa = PBXResourcesBuildPhase;
			buildActionMask = 2147483647;
			files = (
				4EE3F0561DEC1D56006F28AB /* LaunchScreen.storyboard in Resources */,
				4EE3F0531DEC1D56006F28AB /* Assets.xcassets in Resources */,
				4EE3F0511DEC1D56006F28AB /* Main.storyboard in Resources */,
			);
			runOnlyForDeploymentPostprocessing = 0;
		};
		4EE3F05A1DEC1D56006F28AB /* Resources */ = {
			isa = PBXResourcesBuildPhase;
			buildActionMask = 2147483647;
			files = (
			);
			runOnlyForDeploymentPostprocessing = 0;
		};
		4EE3F0651DEC1D56006F28AB /* Resources */ = {
			isa = PBXResourcesBuildPhase;
			buildActionMask = 2147483647;
			files = (
			);
			runOnlyForDeploymentPostprocessing = 0;
		};
/* End PBXResourcesBuildPhase section */

/* Begin PBXSourcesBuildPhase section */
		4EE3F0441DEC1D56006F28AB /* Sources */ = {
			isa = PBXSourcesBuildPhase;
			buildActionMask = 2147483647;
			files = (
				4EE3F07B1DEC23A3006F28AB /* TableViewCell.swift in Sources */,
				4EE3F04E1DEC1D56006F28AB /* ViewController.swift in Sources */,
				4EE3F04C1DEC1D56006F28AB /* AppDelegate.swift in Sources */,
			);
			runOnlyForDeploymentPostprocessing = 0;
		};
		4EE3F0581DEC1D56006F28AB /* Sources */ = {
			isa = PBXSourcesBuildPhase;
			buildActionMask = 2147483647;
			files = (
				4EE3F0611DEC1D56006F28AB /* ClearTableViewCellTests.swift in Sources */,
			);
			runOnlyForDeploymentPostprocessing = 0;
		};
		4EE3F0631DEC1D56006F28AB /* Sources */ = {
			isa = PBXSourcesBuildPhase;
			buildActionMask = 2147483647;
			files = (
				4EE3F06C1DEC1D56006F28AB /* ClearTableViewCellUITests.swift in Sources */,
			);
			runOnlyForDeploymentPostprocessing = 0;
		};
/* End PBXSourcesBuildPhase section */

/* Begin PBXTargetDependency section */
		4EE3F05E1DEC1D56006F28AB /* PBXTargetDependency */ = {
			isa = PBXTargetDependency;
			target = 4EE3F0471DEC1D56006F28AB /* ClearTableViewCell */;
			targetProxy = 4EE3F05D1DEC1D56006F28AB /* PBXContainerItemProxy */;
		};
		4EE3F0691DEC1D56006F28AB /* PBXTargetDependency */ = {
			isa = PBXTargetDependency;
			target = 4EE3F0471DEC1D56006F28AB /* ClearTableViewCell */;
			targetProxy = 4EE3F0681DEC1D56006F28AB /* PBXContainerItemProxy */;
		};
/* End PBXTargetDependency section */

/* Begin PBXVariantGroup section */
		4EE3F04F1DEC1D56006F28AB /* Main.storyboard */ = {
			isa = PBXVariantGroup;
			children = (
				4EE3F0501DEC1D56006F28AB /* Base */,
			);
			name = Main.storyboard;
			sourceTree = "<group>";
		};
		4EE3F0541DEC1D56006F28AB /* LaunchScreen.storyboard */ = {
			isa = PBXVariantGroup;
			children = (
				4EE3F0551DEC1D56006F28AB /* Base */,
			);
			name = LaunchScreen.storyboard;
			sourceTree = "<group>";
		};
/* End PBXVariantGroup section */

/* Begin XCBuildConfiguration section */
		4EE3F06E1DEC1D56006F28AB /* Debug */ = {
			isa = XCBuildConfiguration;
			buildSettings = {
				ALWAYS_SEARCH_USER_PATHS = NO;
				CLANG_ANALYZER_NONNULL = YES;
				CLANG_CXX_LANGUAGE_STANDARD = "gnu++0x";
				CLANG_CXX_LIBRARY = "libc++";
				CLANG_ENABLE_MODULES = YES;
				CLANG_ENABLE_OBJC_ARC = YES;
				CLANG_WARN_BOOL_CONVERSION = YES;
				CLANG_WARN_CONSTANT_CONVERSION = YES;
				CLANG_WARN_DIRECT_OBJC_ISA_USAGE = YES_ERROR;
				CLANG_WARN_DOCUMENTATION_COMMENTS = YES;
				CLANG_WARN_EMPTY_BODY = YES;
				CLANG_WARN_ENUM_CONVERSION = YES;
				CLANG_WARN_INFINITE_RECURSION = YES;
				CLANG_WARN_INT_CONVERSION = YES;
				CLANG_WARN_OBJC_ROOT_CLASS = YES_ERROR;
				CLANG_WARN_SUSPICIOUS_MOVES = YES;
				CLANG_WARN_UNREACHABLE_CODE = YES;
				CLANG_WARN__DUPLICATE_METHOD_MATCH = YES;
				"CODE_SIGN_IDENTITY[sdk=iphoneos*]" = "iPhone Developer";
				COPY_PHASE_STRIP = NO;
				DEBUG_INFORMATION_FORMAT = dwarf;
				ENABLE_STRICT_OBJC_MSGSEND = YES;
				ENABLE_TESTABILITY = YES;
				GCC_C_LANGUAGE_STANDARD = gnu99;
				GCC_DYNAMIC_NO_PIC = NO;
				GCC_NO_COMMON_BLOCKS = YES;
				GCC_OPTIMIZATION_LEVEL = 0;
				GCC_PREPROCESSOR_DEFINITIONS = (
					"DEBUG=1",
					"$(inherited)",
				);
				GCC_WARN_64_TO_32_BIT_CONVERSION = YES;
				GCC_WARN_ABOUT_RETURN_TYPE = YES_ERROR;
				GCC_WARN_UNDECLARED_SELECTOR = YES;
				GCC_WARN_UNINITIALIZED_AUTOS = YES_AGGRESSIVE;
				GCC_WARN_UNUSED_FUNCTION = YES;
				GCC_WARN_UNUSED_VARIABLE = YES;
				IPHONEOS_DEPLOYMENT_TARGET = 10.1;
				MTL_ENABLE_DEBUG_INFO = YES;
				ONLY_ACTIVE_ARCH = YES;
				SDKROOT = iphoneos;
				SWIFT_ACTIVE_COMPILATION_CONDITIONS = DEBUG;
				SWIFT_OPTIMIZATION_LEVEL = "-Onone";
				TARGETED_DEVICE_FAMILY = "1,2";
			};
			name = Debug;
		};
		4EE3F06F1DEC1D56006F28AB /* Release */ = {
			isa = XCBuildConfiguration;
			buildSettings = {
				ALWAYS_SEARCH_USER_PATHS = NO;
				CLANG_ANALYZER_NONNULL = YES;
				CLANG_CXX_LANGUAGE_STANDARD = "gnu++0x";
				CLANG_CXX_LIBRARY = "libc++";
				CLANG_ENABLE_MODULES = YES;
				CLANG_ENABLE_OBJC_ARC = YES;
				CLANG_WARN_BOOL_CONVERSION = YES;
				CLANG_WARN_CONSTANT_CONVERSION = YES;
				CLANG_WARN_DIRECT_OBJC_ISA_USAGE = YES_ERROR;
				CLANG_WARN_DOCUMENTATION_COMMENTS = YES;
				CLANG_WARN_EMPTY_BODY = YES;
				CLANG_WARN_ENUM_CONVERSION = YES;
				CLANG_WARN_INFINITE_RECURSION = YES;
				CLANG_WARN_INT_CONVERSION = YES;
				CLANG_WARN_OBJC_ROOT_CLASS = YES_ERROR;
				CLANG_WARN_SUSPICIOUS_MOVES = YES;
				CLANG_WARN_UNREACHABLE_CODE = YES;
				CLANG_WARN__DUPLICATE_METHOD_MATCH = YES;
				"CODE_SIGN_IDENTITY[sdk=iphoneos*]" = "iPhone Developer";
				COPY_PHASE_STRIP = NO;
				DEBUG_INFORMATION_FORMAT = "dwarf-with-dsym";
				ENABLE_NS_ASSERTIONS = NO;
				ENABLE_STRICT_OBJC_MSGSEND = YES;
				GCC_C_LANGUAGE_STANDARD = gnu99;
				GCC_NO_COMMON_BLOCKS = YES;
				GCC_WARN_64_TO_32_BIT_CONVERSION = YES;
				GCC_WARN_ABOUT_RETURN_TYPE = YES_ERROR;
				GCC_WARN_UNDECLARED_SELECTOR = YES;
				GCC_WARN_UNINITIALIZED_AUTOS = YES_AGGRESSIVE;
				GCC_WARN_UNUSED_FUNCTION = YES;
				GCC_WARN_UNUSED_VARIABLE = YES;
				IPHONEOS_DEPLOYMENT_TARGET = 10.1;
				MTL_ENABLE_DEBUG_INFO = NO;
				SDKROOT = iphoneos;
				SWIFT_OPTIMIZATION_LEVEL = "-Owholemodule";
				TARGETED_DEVICE_FAMILY = "1,2";
				VALIDATE_PRODUCT = YES;
			};
			name = Release;
		};
		4EE3F0711DEC1D56006F28AB /* Debug */ = {
			isa = XCBuildConfiguration;
			buildSettings = {
				ASSETCATALOG_COMPILER_APPICON_NAME = AppIcon;
				DEVELOPMENT_TEAM = HK6UA2S7R6;
				INFOPLIST_FILE = ClearTableViewCell/Info.plist;
				LD_RUNPATH_SEARCH_PATHS = "$(inherited) @executable_path/Frameworks";
				PRODUCT_BUNDLE_IDENTIFIER = chenzuo.ClearTableViewCell;
				PRODUCT_NAME = "$(TARGET_NAME)";
				SWIFT_VERSION = 3.0;
			};
			name = Debug;
		};
		4EE3F0721DEC1D56006F28AB /* Release */ = {
			isa = XCBuildConfiguration;
			buildSettings = {
				ASSETCATALOG_COMPILER_APPICON_NAME = AppIcon;
				DEVELOPMENT_TEAM = HK6UA2S7R6;
				INFOPLIST_FILE = ClearTableViewCell/Info.plist;
				LD_RUNPATH_SEARCH_PATHS = "$(inherited) @executable_path/Frameworks";
				PRODUCT_BUNDLE_IDENTIFIER = chenzuo.ClearTableViewCell;
				PRODUCT_NAME = "$(TARGET_NAME)";
				SWIFT_VERSION = 3.0;
			};
			name = Release;
		};
		4EE3F0741DEC1D56006F28AB /* Debug */ = {
			isa = XCBuildConfiguration;
			buildSettings = {
				ALWAYS_EMBED_SWIFT_STANDARD_LIBRARIES = YES;
				BUNDLE_LOADER = "$(TEST_HOST)";
				DEVELOPMENT_TEAM = HK6UA2S7R6;
				INFOPLIST_FILE = ClearTableViewCellTests/Info.plist;
				LD_RUNPATH_SEARCH_PATHS = "$(inherited) @executable_path/Frameworks @loader_path/Frameworks";
				PRODUCT_BUNDLE_IDENTIFIER = chenzuo.ClearTableViewCellTests;
				PRODUCT_NAME = "$(TARGET_NAME)";
				SWIFT_VERSION = 3.0;
				TEST_HOST = "$(BUILT_PRODUCTS_DIR)/ClearTableViewCell.app/ClearTableViewCell";
			};
			name = Debug;
		};
		4EE3F0751DEC1D56006F28AB /* Release */ = {
			isa = XCBuildConfiguration;
			buildSettings = {
				ALWAYS_EMBED_SWIFT_STANDARD_LIBRARIES = YES;
				BUNDLE_LOADER = "$(TEST_HOST)";
				DEVELOPMENT_TEAM = HK6UA2S7R6;
				INFOPLIST_FILE = ClearTableViewCellTests/Info.plist;
				LD_RUNPATH_SEARCH_PATHS = "$(inherited) @executable_path/Frameworks @loader_path/Frameworks";
				PRODUCT_BUNDLE_IDENTIFIER = chenzuo.ClearTableViewCellTests;
				PRODUCT_NAME = "$(TARGET_NAME)";
				SWIFT_VERSION = 3.0;
				TEST_HOST = "$(BUILT_PRODUCTS_DIR)/ClearTableViewCell.app/ClearTableViewCell";
			};
			name = Release;
		};
		4EE3F0771DEC1D56006F28AB /* Debug */ = {
			isa = XCBuildConfiguration;
			buildSettings = {
				ALWAYS_EMBED_SWIFT_STANDARD_LIBRARIES = YES;
				DEVELOPMENT_TEAM = HK6UA2S7R6;
				INFOPLIST_FILE = ClearTableViewCellUITests/Info.plist;
				LD_RUNPATH_SEARCH_PATHS = "$(inherited) @executable_path/Frameworks @loader_path/Frameworks";
				PRODUCT_BUNDLE_IDENTIFIER = chenzuo.ClearTableViewCellUITests;
				PRODUCT_NAME = "$(TARGET_NAME)";
				SWIFT_VERSION = 3.0;
				TEST_TARGET_NAME = ClearTableViewCell;
			};
			name = Debug;
		};
		4EE3F0781DEC1D56006F28AB /* Release */ = {
			isa = XCBuildConfiguration;
			buildSettings = {
				ALWAYS_EMBED_SWIFT_STANDARD_LIBRARIES = YES;
				DEVELOPMENT_TEAM = HK6UA2S7R6;
				INFOPLIST_FILE = ClearTableViewCellUITests/Info.plist;
				LD_RUNPATH_SEARCH_PATHS = "$(inherited) @executable_path/Frameworks @loader_path/Frameworks";
				PRODUCT_BUNDLE_IDENTIFIER = chenzuo.ClearTableViewCellUITests;
				PRODUCT_NAME = "$(TARGET_NAME)";
				SWIFT_VERSION = 3.0;
				TEST_TARGET_NAME = ClearTableViewCell;
			};
			name = Release;
		};
/* End XCBuildConfiguration section */

/* Begin XCConfigurationList section */
		4EE3F0431DEC1D56006F28AB /* Build configuration list for PBXProject "ClearTableViewCell" */ = {
			isa = XCConfigurationList;
			buildConfigurations = (
				4EE3F06E1DEC1D56006F28AB /* Debug */,
				4EE3F06F1DEC1D56006F28AB /* Release */,
			);
			defaultConfigurationIsVisible = 0;
			defaultConfigurationName = Release;
		};
		4EE3F0701DEC1D56006F28AB /* Build configuration list for PBXNativeTarget "ClearTableViewCell" */ = {
			isa = XCConfigurationList;
			buildConfigurations = (
				4EE3F0711DEC1D56006F28AB /* Debug */,
				4EE3F0721DEC1D56006F28AB /* Release */,
			);
			defaultConfigurationIsVisible = 0;
			defaultConfigurationName = Release;
		};
		4EE3F0731DEC1D56006F28AB /* Build configuration list for PBXNativeTarget "ClearTableViewCellTests" */ = {
			isa = XCConfigurationList;
			buildConfigurations = (
				4EE3F0741DEC1D56006F28AB /* Debug */,
				4EE3F0751DEC1D56006F28AB /* Release */,
			);
			defaultConfigurationIsVisible = 0;
			defaultConfigurationName = Release;
		};
		4EE3F0761DEC1D56006F28AB /* Build configuration list for PBXNativeTarget "ClearTableViewCellUITests" */ = {
			isa = XCConfigurationList;
			buildConfigurations = (
				4EE3F0771DEC1D56006F28AB /* Debug */,
				4EE3F0781DEC1D56006F28AB /* Release */,
			);
			defaultConfigurationIsVisible = 0;
			defaultConfigurationName = Release;
		};
/* End XCConfigurationList section */
	};
	rootObject = 4EE3F0401DEC1D56006F28AB /* Project object */;
}
