// !$*UTF8*$!
{
	archiveVersion = 1;
	classes = {
	};
	objectVersion = 46;
	objects = {

/* Begin PBXBuildFile section */
		4E0135F61DFE44A3001C9466 /* AppDelegate.swift in Sources */ = {isa = PBXBuildFile; fileRef = 4E0135F51DFE44A3001C9466 /* AppDelegate.swift */; };
		4E0135F81DFE44A3001C9466 /* ViewController.swift in Sources */ = {isa = PBXBuildFile; fileRef = 4E0135F71DFE44A3001C9466 /* ViewController.swift */; };
		4E0135FB1DFE44A3001C9466 /* Main.storyboard in Resources */ = {isa = PBXBuildFile; fileRef = 4E0135F91DFE44A3001C9466 /* Main.storyboard */; };
		4E0135FD1DFE44A3001C9466 /* Assets.xcassets in Resources */ = {isa = PBXBuildFile; fileRef = 4E0135FC1DFE44A3001C9466 /* Assets.xcassets */; };
		4E0136001DFE44A3001C9466 /* LaunchScreen.storyboard in Resources */ = {isa = PBXBuildFile; fileRef = 4E0135FE1DFE44A3001C9466 /* LaunchScreen.storyboard */; };
		4E01360B1DFE44A3001C9466 /* CustomRefreshTests.swift in Sources */ = {isa = PBXBuildFile; fileRef = 4E01360A1DFE44A3001C9466 /* CustomRefreshTests.swift */; };
		4E0136161DFE44A3001C9466 /* CustomRefreshUITests.swift in Sources */ = {isa = PBXBuildFile; fileRef = 4E0136151DFE44A3001C9466 /* CustomRefreshUITests.swift */; };
		4E0136241DFE5197001C9466 /* RefreshContents.xib in Resources */ = {isa = PBXBuildFile; fileRef = 4E0136231DFE5197001C9466 /* RefreshContents.xib */; };
		4E0136261DFE85F9001C9466 /* RefreshContents2.xib in Resources */ = {isa = PBXBuildFile; fileRef = 4E0136251DFE85F9001C9466 /* RefreshContents2.xib */; };
/* End PBXBuildFile section */

/* Begin PBXContainerItemProxy section */
		4E0136071DFE44A3001C9466 /* PBXContainerItemProxy */ = {
			isa = PBXContainerItemProxy;
			containerPortal = 4E0135EA1DFE44A3001C9466 /* Project object */;
			proxyType = 1;
			remoteGlobalIDString = 4E0135F11DFE44A3001C9466;
			remoteInfo = CustomRefresh;
		};
		4E0136121DFE44A3001C9466 /* PBXContainerItemProxy */ = {
			isa = PBXContainerItemProxy;
			containerPortal = 4E0135EA1DFE44A3001C9466 /* Project object */;
			proxyType = 1;
			remoteGlobalIDString = 4E0135F11DFE44A3001C9466;
			remoteInfo = CustomRefresh;
		};
/* End PBXContainerItemProxy section */

/* Begin PBXFileReference section */
		4E0135F21DFE44A3001C9466 /* CustomRefresh.app */ = {isa = PBXFileReference; explicitFileType = wrapper.application; includeInIndex = 0; path = CustomRefresh.app; sourceTree = BUILT_PRODUCTS_DIR; };
		4E0135F51DFE44A3001C9466 /* AppDelegate.swift */ = {isa = PBXFileReference; lastKnownFileType = sourcecode.swift; path = AppDelegate.swift; sourceTree = "<group>"; };
		4E0135F71DFE44A3001C9466 /* ViewController.swift */ = {isa = PBXFileReference; lastKnownFileType = sourcecode.swift; path = ViewController.swift; sourceTree = "<group>"; };
		4E0135FA1DFE44A3001C9466 /* Base */ = {isa = PBXFileReference; lastKnownFileType = file.storyboard; name = Base; path = Base.lproj/Main.storyboard; sourceTree = "<group>"; };
		4E0135FC1DFE44A3001C9466 /* Assets.xcassets */ = {isa = PBXFileReference; lastKnownFileType = folder.assetcatalog; path = Assets.xcassets; sourceTree = "<group>"; };
		4E0135FF1DFE44A3001C9466 /* Base */ = {isa = PBXFileReference; lastKnownFileType = file.storyboard; name = Base; path = Base.lproj/LaunchScreen.storyboard; sourceTree = "<group>"; };
		4E0136011DFE44A3001C9466 /* Info.plist */ = {isa = PBXFileReference; lastKnownFileType = text.plist.xml; path = Info.plist; sourceTree = "<group>"; };
		4E0136061DFE44A3001C9466 /* CustomRefreshTests.xctest */ = {isa = PBXFileReference; explicitFileType = wrapper.cfbundle; includeInIndex = 0; path = CustomRefreshTests.xctest; sourceTree = BUILT_PRODUCTS_DIR; };
		4E01360A1DFE44A3001C9466 /* CustomRefreshTests.swift */ = {isa = PBXFileReference; lastKnownFileType = sourcecode.swift; path = CustomRefreshTests.swift; sourceTree = "<group>"; };
		4E01360C1DFE44A3001C9466 /* Info.plist */ = {isa = PBXFileReference; lastKnownFileType = text.plist.xml; path = Info.plist; sourceTree = "<group>"; };
		4E0136111DFE44A3001C9466 /* CustomRefreshUITests.xctest */ = {isa = PBXFileReference; explicitFileType = wrapper.cfbundle; includeInIndex = 0; path = CustomRefreshUITests.xctest; sourceTree = BUILT_PRODUCTS_DIR; };
		4E0136151DFE44A3001C9466 /* CustomRefreshUITests.swift */ = {isa = PBXFileReference; lastKnownFileType = sourcecode.swift; path = CustomRefreshUITests.swift; sourceTree = "<group>"; };
		4E0136171DFE44A3001C9466 /* Info.plist */ = {isa = PBXFileReference; lastKnownFileType = text.plist.xml; path = Info.plist; sourceTree = "<group>"; };
		4E0136231DFE5197001C9466 /* RefreshContents.xib */ = {isa = PBXFileReference; fileEncoding = 4; lastKnownFileType = file.xib; path = RefreshContents.xib; sourceTree = "<group>"; };
		4E0136251DFE85F9001C9466 /* RefreshContents2.xib */ = {isa = PBXFileReference; fileEncoding = 4; lastKnownFileType = file.xib; path = RefreshContents2.xib; sourceTree = "<group>"; };
/* End PBXFileReference section */

/* Begin PBXFrameworksBuildPhase section */
		4E0135EF1DFE44A3001C9466 /* Frameworks */ = {
			isa = PBXFrameworksBuildPhase;
			buildActionMask = 2147483647;
			files = (
			);
			runOnlyForDeploymentPostprocessing = 0;
		};
		4E0136031DFE44A3001C9466 /* Frameworks */ = {
			isa = PBXFrameworksBuildPhase;
			buildActionMask = 2147483647;
			files = (
			);
			runOnlyForDeploymentPostprocessing = 0;
		};
		4E01360E1DFE44A3001C9466 /* Frameworks */ = {
			isa = PBXFrameworksBuildPhase;
			buildActionMask = 2147483647;
			files = (
			);
			runOnlyForDeploymentPostprocessing = 0;
		};
/* End PBXFrameworksBuildPhase section */

/* Begin PBXGroup section */
		4E0135E91DFE44A3001C9466 = {
			isa = PBXGroup;
			children = (
				4E0135F41DFE44A3001C9466 /* CustomRefresh */,
				4E0136091DFE44A3001C9466 /* CustomRefreshTests */,
				4E0136141DFE44A3001C9466 /* CustomRefreshUITests */,
				4E0135F31DFE44A3001C9466 /* Products */,
			);
			sourceTree = "<group>";
		};
		4E0135F31DFE44A3001C9466 /* Products */ = {
			isa = PBXGroup;
			children = (
				4E0135F21DFE44A3001C9466 /* CustomRefresh.app */,
				4E0136061DFE44A3001C9466 /* CustomRefreshTests.xctest */,
				4E0136111DFE44A3001C9466 /* CustomRefreshUITests.xctest */,
			);
			name = Products;
			sourceTree = "<group>";
		};
		4E0135F41DFE44A3001C9466 /* CustomRefresh */ = {
			isa = PBXGroup;
			children = (
				4E0135F51DFE44A3001C9466 /* AppDelegate.swift */,
				4E0135F71DFE44A3001C9466 /* ViewController.swift */,
				4E0136231DFE5197001C9466 /* RefreshContents.xib */,
				4E0136251DFE85F9001C9466 /* RefreshContents2.xib */,
				4E0135F91DFE44A3001C9466 /* Main.storyboard */,
				4E0135FC1DFE44A3001C9466 /* Assets.xcassets */,
				4E0135FE1DFE44A3001C9466 /* LaunchScreen.storyboard */,
				4E0136011DFE44A3001C9466 /* Info.plist */,
			);
			path = CustomRefresh;
			sourceTree = "<group>";
		};
		4E0136091DFE44A3001C9466 /* CustomRefreshTests */ = {
			isa = PBXGroup;
			children = (
				4E01360A1DFE44A3001C9466 /* CustomRefreshTests.swift */,
				4E01360C1DFE44A3001C9466 /* Info.plist */,
			);
			path = CustomRefreshTests;
			sourceTree = "<group>";
		};
		4E0136141DFE44A3001C9466 /* CustomRefreshUITests */ = {
			isa = PBXGroup;
			children = (
				4E0136151DFE44A3001C9466 /* CustomRefreshUITests.swift */,
				4E0136171DFE44A3001C9466 /* Info.plist */,
			);
			path = CustomRefreshUITests;
			sourceTree = "<group>";
		};
/* End PBXGroup section */

/* Begin PBXNativeTarget section */
		4E0135F11DFE44A3001C9466 /* CustomRefresh */ = {
			isa = PBXNativeTarget;
			buildConfigurationList = 4E01361A1DFE44A3001C9466 /* Build configuration list for PBXNativeTarget "CustomRefresh" */;
			buildPhases = (
				4E0135EE1DFE44A3001C9466 /* Sources */,
				4E0135EF1DFE44A3001C9466 /* Frameworks */,
				4E0135F01DFE44A3001C9466 /* Resources */,
			);
			buildRules = (
			);
			dependencies = (
			);
			name = CustomRefresh;
			productName = CustomRefresh;
			productReference = 4E0135F21DFE44A3001C9466 /* CustomRefresh.app */;
			productType = "com.apple.product-type.application";
		};
		4E0136051DFE44A3001C9466 /* CustomRefreshTests */ = {
			isa = PBXNativeTarget;
			buildConfigurationList = 4E01361D1DFE44A3001C9466 /* Build configuration list for PBXNativeTarget "CustomRefreshTests" */;
			buildPhases = (
				4E0136021DFE44A3001C9466 /* Sources */,
				4E0136031DFE44A3001C9466 /* Frameworks */,
				4E0136041DFE44A3001C9466 /* Resources */,
			);
			buildRules = (
			);
			dependencies = (
				4E0136081DFE44A3001C9466 /* PBXTargetDependency */,
			);
			name = CustomRefreshTests;
			productName = CustomRefreshTests;
			productReference = 4E0136061DFE44A3001C9466 /* CustomRefreshTests.xctest */;
			productType = "com.apple.product-type.bundle.unit-test";
		};
		4E0136101DFE44A3001C9466 /* CustomRefreshUITests */ = {
			isa = PBXNativeTarget;
			buildConfigurationList = 4E0136201DFE44A3001C9466 /* Build configuration list for PBXNativeTarget "CustomRefreshUITests" */;
			buildPhases = (
				4E01360D1DFE44A3001C9466 /* Sources */,
				4E01360E1DFE44A3001C9466 /* Frameworks */,
				4E01360F1DFE44A3001C9466 /* Resources */,
			);
			buildRules = (
			);
			dependencies = (
				4E0136131DFE44A3001C9466 /* PBXTargetDependency */,
			);
			name = CustomRefreshUITests;
			productName = CustomRefreshUITests;
			productReference = 4E0136111DFE44A3001C9466 /* CustomRefreshUITests.xctest */;
			productType = "com.apple.product-type.bundle.ui-testing";
		};
/* End PBXNativeTarget section */

/* Begin PBXProject section */
		4E0135EA1DFE44A3001C9466 /* Project object */ = {
			isa = PBXProject;
			attributes = {
				LastSwiftUpdateCheck = 0810;
				LastUpgradeCheck = 0810;
				ORGANIZATIONNAME = ChenZuo;
				TargetAttributes = {
					4E0135F11DFE44A3001C9466 = {
						CreatedOnToolsVersion = 8.1;
						DevelopmentTeam = HK6UA2S7R6;
						ProvisioningStyle = Automatic;
					};
					4E0136051DFE44A3001C9466 = {
						CreatedOnToolsVersion = 8.1;
						DevelopmentTeam = HK6UA2S7R6;
						ProvisioningStyle = Automatic;
						TestTargetID = 4E0135F11DFE44A3001C9466;
					};
					4E0136101DFE44A3001C9466 = {
						CreatedOnToolsVersion = 8.1;
						DevelopmentTeam = HK6UA2S7R6;
						ProvisioningStyle = Automatic;
						TestTargetID = 4E0135F11DFE44A3001C9466;
					};
				};
			};
			buildConfigurationList = 4E0135ED1DFE44A3001C9466 /* Build configuration list for PBXProject "CustomRefresh" */;
			compatibilityVersion = "Xcode 3.2";
			developmentRegion = English;
			hasScannedForEncodings = 0;
			knownRegions = (
				en,
				Base,
			);
			mainGroup = 4E0135E91DFE44A3001C9466;
			productRefGroup = 4E0135F31DFE44A3001C9466 /* Products */;
			projectDirPath = "";
			projectRoot = "";
			targets = (
				4E0135F11DFE44A3001C9466 /* CustomRefresh */,
				4E0136051DFE44A3001C9466 /* CustomRefreshTests */,
				4E0136101DFE44A3001C9466 /* CustomRefreshUITests */,
			);
		};
/* End PBXProject section */

/* Begin PBXResourcesBuildPhase section */
		4E0135F01DFE44A3001C9466 /* Resources */ = {
			isa = PBXResourcesBuildPhase;
			buildActionMask = 2147483647;
			files = (
				4E0136001DFE44A3001C9466 /* LaunchScreen.storyboard in Resources */,
				4E0136241DFE5197001C9466 /* RefreshContents.xib in Resources */,
				4E0135FD1DFE44A3001C9466 /* Assets.xcassets in Resources */,
				4E0136261DFE85F9001C9466 /* RefreshContents2.xib in Resources */,
				4E0135FB1DFE44A3001C9466 /* Main.storyboard in Resources */,
			);
			runOnlyForDeploymentPostprocessing = 0;
		};
		4E0136041DFE44A3001C9466 /* Resources */ = {
			isa = PBXResourcesBuildPhase;
			buildActionMask = 2147483647;
			files = (
			);
			runOnlyForDeploymentPostprocessing = 0;
		};
		4E01360F1DFE44A3001C9466 /* Resources */ = {
			isa = PBXResourcesBuildPhase;
			buildActionMask = 2147483647;
			files = (
			);
			runOnlyForDeploymentPostprocessing = 0;
		};
/* End PBXResourcesBuildPhase section */

/* Begin PBXSourcesBuildPhase section */
		4E0135EE1DFE44A3001C9466 /* Sources */ = {
			isa = PBXSourcesBuildPhase;
			buildActionMask = 2147483647;
			files = (
				4E0135F81DFE44A3001C9466 /* ViewController.swift in Sources */,
				4E0135F61DFE44A3001C9466 /* AppDelegate.swift in Sources */,
			);
			runOnlyForDeploymentPostprocessing = 0;
		};
		4E0136021DFE44A3001C9466 /* Sources */ = {
			isa = PBXSourcesBuildPhase;
			buildActionMask = 2147483647;
			files = (
				4E01360B1DFE44A3001C9466 /* CustomRefreshTests.swift in Sources */,
			);
			runOnlyForDeploymentPostprocessing = 0;
		};
		4E01360D1DFE44A3001C9466 /* Sources */ = {
			isa = PBXSourcesBuildPhase;
			buildActionMask = 2147483647;
			files = (
				4E0136161DFE44A3001C9466 /* CustomRefreshUITests.swift in Sources */,
			);
			runOnlyForDeploymentPostprocessing = 0;
		};
/* End PBXSourcesBuildPhase section */

/* Begin PBXTargetDependency section */
		4E0136081DFE44A3001C9466 /* PBXTargetDependency */ = {
			isa = PBXTargetDependency;
			target = 4E0135F11DFE44A3001C9466 /* CustomRefresh */;
			targetProxy = 4E0136071DFE44A3001C9466 /* PBXContainerItemProxy */;
		};
		4E0136131DFE44A3001C9466 /* PBXTargetDependency */ = {
			isa = PBXTargetDependency;
			target = 4E0135F11DFE44A3001C9466 /* CustomRefresh */;
			targetProxy = 4E0136121DFE44A3001C9466 /* PBXContainerItemProxy */;
		};
/* End PBXTargetDependency section */

/* Begin PBXVariantGroup section */
		4E0135F91DFE44A3001C9466 /* Main.storyboard */ = {
			isa = PBXVariantGroup;
			children = (
				4E0135FA1DFE44A3001C9466 /* Base */,
			);
			name = Main.storyboard;
			sourceTree = "<group>";
		};
		4E0135FE1DFE44A3001C9466 /* LaunchScreen.storyboard */ = {
			isa = PBXVariantGroup;
			children = (
				4E0135FF1DFE44A3001C9466 /* Base */,
			);
			name = LaunchScreen.storyboard;
			sourceTree = "<group>";
		};
/* End PBXVariantGroup section */

/* Begin XCBuildConfiguration section */
		4E0136181DFE44A3001C9466 /* Debug */ = {
			isa = XCBuildConfiguration;
			buildSettings = {
				ALWAYS_SEARCH_USER_PATHS = NO;
				CLANG_ANALYZER_NONNULL = YES;
				CLANG_CXX_LANGUAGE_STANDARD = "gnu++0x";
				CLANG_CXX_LIBRARY = "libc++";
				CLANG_ENABLE_MODULES = YES;
				CLANG_ENABLE_OBJC_ARC = YES;
				CLANG_WARN_BOOL_CONVERSION = YES;
				CLANG_WARN_CONSTANT_CONVERSION = YES;
				CLANG_WARN_DIRECT_OBJC_ISA_USAGE = YES_ERROR;
				CLANG_WARN_DOCUMENTATION_COMMENTS = YES;
				CLANG_WARN_EMPTY_BODY = YES;
				CLANG_WARN_ENUM_CONVERSION = YES;
				CLANG_WARN_INFINITE_RECURSION = YES;
				CLANG_WARN_INT_CONVERSION = YES;
				CLANG_WARN_OBJC_ROOT_CLASS = YES_ERROR;
				CLANG_WARN_SUSPICIOUS_MOVES = YES;
				CLANG_WARN_UNREACHABLE_CODE = YES;
				CLANG_WARN__DUPLICATE_METHOD_MATCH = YES;
				"CODE_SIGN_IDENTITY[sdk=iphoneos*]" = "iPhone Developer";
				COPY_PHASE_STRIP = NO;
				DEBUG_INFORMATION_FORMAT = dwarf;
				ENABLE_STRICT_OBJC_MSGSEND = YES;
				ENABLE_TESTABILITY = YES;
				GCC_C_LANGUAGE_STANDARD = gnu99;
				GCC_DYNAMIC_NO_PIC = NO;
				GCC_NO_COMMON_BLOCKS = YES;
				GCC_OPTIMIZATION_LEVEL = 0;
				GCC_PREPROCESSOR_DEFINITIONS = (
					"DEBUG=1",
					"$(inherited)",
				);
				GCC_WARN_64_TO_32_BIT_CONVERSION = YES;
				GCC_WARN_ABOUT_RETURN_TYPE = YES_ERROR;
				GCC_WARN_UNDECLARED_SELECTOR = YES;
				GCC_WARN_UNINITIALIZED_AUTOS = YES_AGGRESSIVE;
				GCC_WARN_UNUSED_FUNCTION = YES;
				GCC_WARN_UNUSED_VARIABLE = YES;
				IPHONEOS_DEPLOYMENT_TARGET = 10.1;
				MTL_ENABLE_DEBUG_INFO = YES;
				ONLY_ACTIVE_ARCH = YES;
				SDKROOT = iphoneos;
				SWIFT_ACTIVE_COMPILATION_CONDITIONS = DEBUG;
				SWIFT_OPTIMIZATION_LEVEL = "-Onone";
				TARGETED_DEVICE_FAMILY = "1,2";
			};
			name = Debug;
		};
		4E0136191DFE44A3001C9466 /* Release */ = {
			isa = XCBuildConfiguration;
			buildSettings = {
				ALWAYS_SEARCH_USER_PATHS = NO;
				CLANG_ANALYZER_NONNULL = YES;
				CLANG_CXX_LANGUAGE_STANDARD = "gnu++0x";
				CLANG_CXX_LIBRARY = "libc++";
				CLANG_ENABLE_MODULES = YES;
				CLANG_ENABLE_OBJC_ARC = YES;
				CLANG_WARN_BOOL_CONVERSION = YES;
				CLANG_WARN_CONSTANT_CONVERSION = YES;
				CLANG_WARN_DIRECT_OBJC_ISA_USAGE = YES_ERROR;
				CLANG_WARN_DOCUMENTATION_COMMENTS = YES;
				CLANG_WARN_EMPTY_BODY = YES;
				CLANG_WARN_ENUM_CONVERSION = YES;
				CLANG_WARN_INFINITE_RECURSION = YES;
				CLANG_WARN_INT_CONVERSION = YES;
				CLANG_WARN_OBJC_ROOT_CLASS = YES_ERROR;
				CLANG_WARN_SUSPICIOUS_MOVES = YES;
				CLANG_WARN_UNREACHABLE_CODE = YES;
				CLANG_WARN__DUPLICATE_METHOD_MATCH = YES;
				"CODE_SIGN_IDENTITY[sdk=iphoneos*]" = "iPhone Developer";
				COPY_PHASE_STRIP = NO;
				DEBUG_INFORMATION_FORMAT = "dwarf-with-dsym";
				ENABLE_NS_ASSERTIONS = NO;
				ENABLE_STRICT_OBJC_MSGSEND = YES;
				GCC_C_LANGUAGE_STANDARD = gnu99;
				GCC_NO_COMMON_BLOCKS = YES;
				GCC_WARN_64_TO_32_BIT_CONVERSION = YES;
				GCC_WARN_ABOUT_RETURN_TYPE = YES_ERROR;
				GCC_WARN_UNDECLARED_SELECTOR = YES;
				GCC_WARN_UNINITIALIZED_AUTOS = YES_AGGRESSIVE;
				GCC_WARN_UNUSED_FUNCTION = YES;
				GCC_WARN_UNUSED_VARIABLE = YES;
				IPHONEOS_DEPLOYMENT_TARGET = 10.1;
				MTL_ENABLE_DEBUG_INFO = NO;
				SDKROOT = iphoneos;
				SWIFT_OPTIMIZATION_LEVEL = "-Owholemodule";
				TARGETED_DEVICE_FAMILY = "1,2";
				VALIDATE_PRODUCT = YES;
			};
			name = Release;
		};
		4E01361B1DFE44A3001C9466 /* Debug */ = {
			isa = XCBuildConfiguration;
			buildSettings = {
				ASSETCATALOG_COMPILER_APPICON_NAME = AppIcon;
				DEVELOPMENT_TEAM = HK6UA2S7R6;
				INFOPLIST_FILE = CustomRefresh/Info.plist;
				LD_RUNPATH_SEARCH_PATHS = "$(inherited) @executable_path/Frameworks";
				PRODUCT_BUNDLE_IDENTIFIER = chenzuo.CustomRefresh;
				PRODUCT_NAME = "$(TARGET_NAME)";
				SWIFT_VERSION = 3.0;
			};
			name = Debug;
		};
		4E01361C1DFE44A3001C9466 /* Release */ = {
			isa = XCBuildConfiguration;
			buildSettings = {
				ASSETCATALOG_COMPILER_APPICON_NAME = AppIcon;
				DEVELOPMENT_TEAM = HK6UA2S7R6;
				INFOPLIST_FILE = CustomRefresh/Info.plist;
				LD_RUNPATH_SEARCH_PATHS = "$(inherited) @executable_path/Frameworks";
				PRODUCT_BUNDLE_IDENTIFIER = chenzuo.CustomRefresh;
				PRODUCT_NAME = "$(TARGET_NAME)";
				SWIFT_VERSION = 3.0;
			};
			name = Release;
		};
		4E01361E1DFE44A3001C9466 /* Debug */ = {
			isa = XCBuildConfiguration;
			buildSettings = {
				ALWAYS_EMBED_SWIFT_STANDARD_LIBRARIES = YES;
				BUNDLE_LOADER = "$(TEST_HOST)";
				DEVELOPMENT_TEAM = HK6UA2S7R6;
				INFOPLIST_FILE = CustomRefreshTests/Info.plist;
				LD_RUNPATH_SEARCH_PATHS = "$(inherited) @executable_path/Frameworks @loader_path/Frameworks";
				PRODUCT_BUNDLE_IDENTIFIER = chenzuo.CustomRefreshTests;
				PRODUCT_NAME = "$(TARGET_NAME)";
				SWIFT_VERSION = 3.0;
				TEST_HOST = "$(BUILT_PRODUCTS_DIR)/CustomRefresh.app/CustomRefresh";
			};
			name = Debug;
		};
		4E01361F1DFE44A3001C9466 /* Release */ = {
			isa = XCBuildConfiguration;
			buildSettings = {
				ALWAYS_EMBED_SWIFT_STANDARD_LIBRARIES = YES;
				BUNDLE_LOADER = "$(TEST_HOST)";
				DEVELOPMENT_TEAM = HK6UA2S7R6;
				INFOPLIST_FILE = CustomRefreshTests/Info.plist;
				LD_RUNPATH_SEARCH_PATHS = "$(inherited) @executable_path/Frameworks @loader_path/Frameworks";
				PRODUCT_BUNDLE_IDENTIFIER = chenzuo.CustomRefreshTests;
				PRODUCT_NAME = "$(TARGET_NAME)";
				SWIFT_VERSION = 3.0;
				TEST_HOST = "$(BUILT_PRODUCTS_DIR)/CustomRefresh.app/CustomRefresh";
			};
			name = Release;
		};
		4E0136211DFE44A3001C9466 /* Debug */ = {
			isa = XCBuildConfiguration;
			buildSettings = {
				ALWAYS_EMBED_SWIFT_STANDARD_LIBRARIES = YES;
				DEVELOPMENT_TEAM = HK6UA2S7R6;
				INFOPLIST_FILE = CustomRefreshUITests/Info.plist;
				LD_RUNPATH_SEARCH_PATHS = "$(inherited) @executable_path/Frameworks @loader_path/Frameworks";
				PRODUCT_BUNDLE_IDENTIFIER = chenzuo.CustomRefreshUITests;
				PRODUCT_NAME = "$(TARGET_NAME)";
				SWIFT_VERSION = 3.0;
				TEST_TARGET_NAME = CustomRefresh;
			};
			name = Debug;
		};
		4E0136221DFE44A3001C9466 /* Release */ = {
			isa = XCBuildConfiguration;
			buildSettings = {
				ALWAYS_EMBED_SWIFT_STANDARD_LIBRARIES = YES;
				DEVELOPMENT_TEAM = HK6UA2S7R6;
				INFOPLIST_FILE = CustomRefreshUITests/Info.plist;
				LD_RUNPATH_SEARCH_PATHS = "$(inherited) @executable_path/Frameworks @loader_path/Frameworks";
				PRODUCT_BUNDLE_IDENTIFIER = chenzuo.CustomRefreshUITests;
				PRODUCT_NAME = "$(TARGET_NAME)";
				SWIFT_VERSION = 3.0;
				TEST_TARGET_NAME = CustomRefresh;
			};
			name = Release;
		};
/* End XCBuildConfiguration section */

/* Begin XCConfigurationList section */
		4E0135ED1DFE44A3001C9466 /* Build configuration list for PBXProject "CustomRefresh" */ = {
			isa = XCConfigurationList;
			buildConfigurations = (
				4E0136181DFE44A3001C9466 /* Debug */,
				4E0136191DFE44A3001C9466 /* Release */,
			);
			defaultConfigurationIsVisible = 0;
			defaultConfigurationName = Release;
		};
		4E01361A1DFE44A3001C9466 /* Build configuration list for PBXNativeTarget "CustomRefresh" */ = {
			isa = XCConfigurationList;
			buildConfigurations = (
				4E01361B1DFE44A3001C9466 /* Debug */,
				4E01361C1DFE44A3001C9466 /* Release */,
			);
			defaultConfigurationIsVisible = 0;
		};
		4E01361D1DFE44A3001C9466 /* Build configuration list for PBXNativeTarget "CustomRefreshTests" */ = {
			isa = XCConfigurationList;
			buildConfigurations = (
				4E01361E1DFE44A3001C9466 /* Debug */,
				4E01361F1DFE44A3001C9466 /* Release */,
			);
			defaultConfigurationIsVisible = 0;
		};
		4E0136201DFE44A3001C9466 /* Build configuration list for PBXNativeTarget "CustomRefreshUITests" */ = {
			isa = XCConfigurationList;
			buildConfigurations = (
				4E0136211DFE44A3001C9466 /* Debug */,
				4E0136221DFE44A3001C9466 /* Release */,
			);
			defaultConfigurationIsVisible = 0;
		};
/* End XCConfigurationList section */
	};
	rootObject = 4E0135EA1DFE44A3001C9466 /* Project object */;
}
