// !$*UTF8*$!
{
	archiveVersion = 1;
	classes = {
	};
	objectVersion = 46;
	objects = {

/* Begin PBXBuildFile section */
		4E691CCF1DE284C400B31122 /* AppDelegate.swift in Sources */ = {isa = PBXBuildFile; fileRef = 4E691CCE1DE284C400B31122 /* AppDelegate.swift */; };
		4E691CD41DE284C400B31122 /* Main.storyboard in Resources */ = {isa = PBXBuildFile; fileRef = 4E691CD21DE284C400B31122 /* Main.storyboard */; };
		4E691CD61DE284C400B31122 /* Assets.xcassets in Resources */ = {isa = PBXBuildFile; fileRef = 4E691CD51DE284C400B31122 /* Assets.xcassets */; };
		4E691CD91DE284C400B31122 /* LaunchScreen.storyboard in Resources */ = {isa = PBXBuildFile; fileRef = 4E691CD71DE284C400B31122 /* LaunchScreen.storyboard */; };
		4E691CE41DE284C400B31122 /* Carousel_EffectTests.swift in Sources */ = {isa = PBXBuildFile; fileRef = 4E691CE31DE284C400B31122 /* Carousel_EffectTests.swift */; };
		4E691CEF1DE284C400B31122 /* Carousel_EffectUITests.swift in Sources */ = {isa = PBXBuildFile; fileRef = 4E691CEE1DE284C400B31122 /* Carousel_EffectUITests.swift */; };
		4E691CFD1DE2C39500B31122 /* HomeViewController.swift in Sources */ = {isa = PBXBuildFile; fileRef = 4E691CFC1DE2C39500B31122 /* HomeViewController.swift */; };
		4E691CFF1DE2C3BA00B31122 /* InterestCollectionViewCell.swift in Sources */ = {isa = PBXBuildFile; fileRef = 4E691CFE1DE2C3BA00B31122 /* InterestCollectionViewCell.swift */; };
		4E691D051DE2C67700B31122 /* Interest.swift in Sources */ = {isa = PBXBuildFile; fileRef = 4E691D041DE2C67700B31122 /* Interest.swift */; };
/* End PBXBuildFile section */

/* Begin PBXContainerItemProxy section */
		4E691CE01DE284C400B31122 /* PBXContainerItemProxy */ = {
			isa = PBXContainerItemProxy;
			containerPortal = 4E691CC31DE284C400B31122 /* Project object */;
			proxyType = 1;
			remoteGlobalIDString = 4E691CCA1DE284C400B31122;
			remoteInfo = "Carousel Effect";
		};
		4E691CEB1DE284C400B31122 /* PBXContainerItemProxy */ = {
			isa = PBXContainerItemProxy;
			containerPortal = 4E691CC31DE284C400B31122 /* Project object */;
			proxyType = 1;
			remoteGlobalIDString = 4E691CCA1DE284C400B31122;
			remoteInfo = "Carousel Effect";
		};
/* End PBXContainerItemProxy section */

/* Begin PBXFileReference section */
		4E691CCB1DE284C400B31122 /* Carousel Effect.app */ = {isa = PBXFileReference; explicitFileType = wrapper.application; includeInIndex = 0; path = "Carousel Effect.app"; sourceTree = BUILT_PRODUCTS_DIR; };
		4E691CCE1DE284C400B31122 /* AppDelegate.swift */ = {isa = PBXFileReference; lastKnownFileType = sourcecode.swift; path = AppDelegate.swift; sourceTree = "<group>"; };
		4E691CD31DE284C400B31122 /* Base */ = {isa = PBXFileReference; lastKnownFileType = file.storyboard; name = Base; path = Base.lproj/Main.storyboard; sourceTree = "<group>"; };
		4E691CD51DE284C400B31122 /* Assets.xcassets */ = {isa = PBXFileReference; lastKnownFileType = folder.assetcatalog; path = Assets.xcassets; sourceTree = "<group>"; };
		4E691CD81DE284C400B31122 /* Base */ = {isa = PBXFileReference; lastKnownFileType = file.storyboard; name = Base; path = Base.lproj/LaunchScreen.storyboard; sourceTree = "<group>"; };
		4E691CDA1DE284C400B31122 /* Info.plist */ = {isa = PBXFileReference; lastKnownFileType = text.plist.xml; path = Info.plist; sourceTree = "<group>"; };
		4E691CDF1DE284C400B31122 /* Carousel EffectTests.xctest */ = {isa = PBXFileReference; explicitFileType = wrapper.cfbundle; includeInIndex = 0; path = "Carousel EffectTests.xctest"; sourceTree = BUILT_PRODUCTS_DIR; };
		4E691CE31DE284C400B31122 /* Carousel_EffectTests.swift */ = {isa = PBXFileReference; lastKnownFileType = sourcecode.swift; path = Carousel_EffectTests.swift; sourceTree = "<group>"; };
		4E691CE51DE284C400B31122 /* Info.plist */ = {isa = PBXFileReference; lastKnownFileType = text.plist.xml; path = Info.plist; sourceTree = "<group>"; };
		4E691CEA1DE284C400B31122 /* Carousel EffectUITests.xctest */ = {isa = PBXFileReference; explicitFileType = wrapper.cfbundle; includeInIndex = 0; path = "Carousel EffectUITests.xctest"; sourceTree = BUILT_PRODUCTS_DIR; };
		4E691CEE1DE284C400B31122 /* Carousel_EffectUITests.swift */ = {isa = PBXFileReference; lastKnownFileType = sourcecode.swift; path = Carousel_EffectUITests.swift; sourceTree = "<group>"; };
		4E691CF01DE284C400B31122 /* Info.plist */ = {isa = PBXFileReference; lastKnownFileType = text.plist.xml; path = Info.plist; sourceTree = "<group>"; };
		4E691CFC1DE2C39500B31122 /* HomeViewController.swift */ = {isa = PBXFileReference; fileEncoding = 4; lastKnownFileType = sourcecode.swift; path = HomeViewController.swift; sourceTree = "<group>"; };
		4E691CFE1DE2C3BA00B31122 /* InterestCollectionViewCell.swift */ = {isa = PBXFileReference; fileEncoding = 4; lastKnownFileType = sourcecode.swift; path = InterestCollectionViewCell.swift; sourceTree = "<group>"; };
		4E691D041DE2C67700B31122 /* Interest.swift */ = {isa = PBXFileReference; fileEncoding = 4; lastKnownFileType = sourcecode.swift; path = Interest.swift; sourceTree = "<group>"; };
/* End PBXFileReference section */

/* Begin PBXFrameworksBuildPhase section */
		4E691CC81DE284C400B31122 /* Frameworks */ = {
			isa = PBXFrameworksBuildPhase;
			buildActionMask = 2147483647;
			files = (
			);
			runOnlyForDeploymentPostprocessing = 0;
		};
		4E691CDC1DE284C400B31122 /* Frameworks */ = {
			isa = PBXFrameworksBuildPhase;
			buildActionMask = 2147483647;
			files = (
			);
			runOnlyForDeploymentPostprocessing = 0;
		};
		4E691CE71DE284C400B31122 /* Frameworks */ = {
			isa = PBXFrameworksBuildPhase;
			buildActionMask = 2147483647;
			files = (
			);
			runOnlyForDeploymentPostprocessing = 0;
		};
/* End PBXFrameworksBuildPhase section */

/* Begin PBXGroup section */
		4E691CC21DE284C400B31122 = {
			isa = PBXGroup;
			children = (
				4E691CCD1DE284C400B31122 /* Carousel Effect */,
				4E691CE21DE284C400B31122 /* Carousel EffectTests */,
				4E691CED1DE284C400B31122 /* Carousel EffectUITests */,
				4E691CCC1DE284C400B31122 /* Products */,
			);
			sourceTree = "<group>";
		};
		4E691CCC1DE284C400B31122 /* Products */ = {
			isa = PBXGroup;
			children = (
				4E691CCB1DE284C400B31122 /* Carousel Effect.app */,
				4E691CDF1DE284C400B31122 /* Carousel EffectTests.xctest */,
				4E691CEA1DE284C400B31122 /* Carousel EffectUITests.xctest */,
			);
			name = Products;
			sourceTree = "<group>";
		};
		4E691CCD1DE284C400B31122 /* Carousel Effect */ = {
			isa = PBXGroup;
			children = (
				4E691CCE1DE284C400B31122 /* AppDelegate.swift */,
				4E691CFC1DE2C39500B31122 /* HomeViewController.swift */,
				4E691CFE1DE2C3BA00B31122 /* InterestCollectionViewCell.swift */,
				4E691D041DE2C67700B31122 /* Interest.swift */,
				4E691CD21DE284C400B31122 /* Main.storyboard */,
				4E691CD51DE284C400B31122 /* Assets.xcassets */,
				4E691CD71DE284C400B31122 /* LaunchScreen.storyboard */,
				4E691CDA1DE284C400B31122 /* Info.plist */,
			);
			path = "Carousel Effect";
			sourceTree = "<group>";
		};
		4E691CE21DE284C400B31122 /* Carousel EffectTests */ = {
			isa = PBXGroup;
			children = (
				4E691CE31DE284C400B31122 /* Carousel_EffectTests.swift */,
				4E691CE51DE284C400B31122 /* Info.plist */,
			);
			path = "Carousel EffectTests";
			sourceTree = "<group>";
		};
		4E691CED1DE284C400B31122 /* Carousel EffectUITests */ = {
			isa = PBXGroup;
			children = (
				4E691CEE1DE284C400B31122 /* Carousel_EffectUITests.swift */,
				4E691CF01DE284C400B31122 /* Info.plist */,
			);
			path = "Carousel EffectUITests";
			sourceTree = "<group>";
		};
/* End PBXGroup section */

/* Begin PBXNativeTarget section */
		4E691CCA1DE284C400B31122 /* Carousel Effect */ = {
			isa = PBXNativeTarget;
			buildConfigurationList = 4E691CF31DE284C400B31122 /* Build configuration list for PBXNativeTarget "Carousel Effect" */;
			buildPhases = (
				4E691CC71DE284C400B31122 /* Sources */,
				4E691CC81DE284C400B31122 /* Frameworks */,
				4E691CC91DE284C400B31122 /* Resources */,
			);
			buildRules = (
			);
			dependencies = (
			);
			name = "Carousel Effect";
			productName = "Carousel Effect";
			productReference = 4E691CCB1DE284C400B31122 /* Carousel Effect.app */;
			productType = "com.apple.product-type.application";
		};
		4E691CDE1DE284C400B31122 /* Carousel EffectTests */ = {
			isa = PBXNativeTarget;
			buildConfigurationList = 4E691CF61DE284C400B31122 /* Build configuration list for PBXNativeTarget "Carousel EffectTests" */;
			buildPhases = (
				4E691CDB1DE284C400B31122 /* Sources */,
				4E691CDC1DE284C400B31122 /* Frameworks */,
				4E691CDD1DE284C400B31122 /* Resources */,
			);
			buildRules = (
			);
			dependencies = (
				4E691CE11DE284C400B31122 /* PBXTargetDependency */,
			);
			name = "Carousel EffectTests";
			productName = "Carousel EffectTests";
			productReference = 4E691CDF1DE284C400B31122 /* Carousel EffectTests.xctest */;
			productType = "com.apple.product-type.bundle.unit-test";
		};
		4E691CE91DE284C400B31122 /* Carousel EffectUITests */ = {
			isa = PBXNativeTarget;
			buildConfigurationList = 4E691CF91DE284C400B31122 /* Build configuration list for PBXNativeTarget "Carousel EffectUITests" */;
			buildPhases = (
				4E691CE61DE284C400B31122 /* Sources */,
				4E691CE71DE284C400B31122 /* Frameworks */,
				4E691CE81DE284C400B31122 /* Resources */,
			);
			buildRules = (
			);
			dependencies = (
				4E691CEC1DE284C400B31122 /* PBXTargetDependency */,
			);
			name = "Carousel EffectUITests";
			productName = "Carousel EffectUITests";
			productReference = 4E691CEA1DE284C400B31122 /* Carousel EffectUITests.xctest */;
			productType = "com.apple.product-type.bundle.ui-testing";
		};
/* End PBXNativeTarget section */

/* Begin PBXProject section */
		4E691CC31DE284C400B31122 /* Project object */ = {
			isa = PBXProject;
			attributes = {
				LastSwiftUpdateCheck = 0810;
				LastUpgradeCheck = 0810;
				ORGANIZATIONNAME = ChenZuo;
				TargetAttributes = {
					4E691CCA1DE284C400B31122 = {
						CreatedOnToolsVersion = 8.1;
						DevelopmentTeam = HK6UA2S7R6;
						ProvisioningStyle = Automatic;
					};
					4E691CDE1DE284C400B31122 = {
						CreatedOnToolsVersion = 8.1;
						DevelopmentTeam = HK6UA2S7R6;
						ProvisioningStyle = Automatic;
						TestTargetID = 4E691CCA1DE284C400B31122;
					};
					4E691CE91DE284C400B31122 = {
						CreatedOnToolsVersion = 8.1;
						DevelopmentTeam = HK6UA2S7R6;
						ProvisioningStyle = Automatic;
						TestTargetID = 4E691CCA1DE284C400B31122;
					};
				};
			};
			buildConfigurationList = 4E691CC61DE284C400B31122 /* Build configuration list for PBXProject "Carousel Effect" */;
			compatibilityVersion = "Xcode 3.2";
			developmentRegion = English;
			hasScannedForEncodings = 0;
			knownRegions = (
				en,
				Base,
			);
			mainGroup = 4E691CC21DE284C400B31122;
			productRefGroup = 4E691CCC1DE284C400B31122 /* Products */;
			projectDirPath = "";
			projectRoot = "";
			targets = (
				4E691CCA1DE284C400B31122 /* Carousel Effect */,
				4E691CDE1DE284C400B31122 /* Carousel EffectTests */,
				4E691CE91DE284C400B31122 /* Carousel EffectUITests */,
			);
		};
/* End PBXProject section */

/* Begin PBXResourcesBuildPhase section */
		4E691CC91DE284C400B31122 /* Resources */ = {
			isa = PBXResourcesBuildPhase;
			buildActionMask = 2147483647;
			files = (
				4E691CD91DE284C400B31122 /* LaunchScreen.storyboard in Resources */,
				4E691CD61DE284C400B31122 /* Assets.xcassets in Resources */,
				4E691CD41DE284C400B31122 /* Main.storyboard in Resources */,
			);
			runOnlyForDeploymentPostprocessing = 0;
		};
		4E691CDD1DE284C400B31122 /* Resources */ = {
			isa = PBXResourcesBuildPhase;
			buildActionMask = 2147483647;
			files = (
			);
			runOnlyForDeploymentPostprocessing = 0;
		};
		4E691CE81DE284C400B31122 /* Resources */ = {
			isa = PBXResourcesBuildPhase;
			buildActionMask = 2147483647;
			files = (
			);
			runOnlyForDeploymentPostprocessing = 0;
		};
/* End PBXResourcesBuildPhase section */

/* Begin PBXSourcesBuildPhase section */
		4E691CC71DE284C400B31122 /* Sources */ = {
			isa = PBXSourcesBuildPhase;
			buildActionMask = 2147483647;
			files = (
				4E691CFF1DE2C3BA00B31122 /* InterestCollectionViewCell.swift in Sources */,
				4E691CCF1DE284C400B31122 /* AppDelegate.swift in Sources */,
				4E691CFD1DE2C39500B31122 /* HomeViewController.swift in Sources */,
				4E691D051DE2C67700B31122 /* Interest.swift in Sources */,
			);
			runOnlyForDeploymentPostprocessing = 0;
		};
		4E691CDB1DE284C400B31122 /* Sources */ = {
			isa = PBXSourcesBuildPhase;
			buildActionMask = 2147483647;
			files = (
				4E691CE41DE284C400B31122 /* Carousel_EffectTests.swift in Sources */,
			);
			runOnlyForDeploymentPostprocessing = 0;
		};
		4E691CE61DE284C400B31122 /* Sources */ = {
			isa = PBXSourcesBuildPhase;
			buildActionMask = 2147483647;
			files = (
				4E691CEF1DE284C400B31122 /* Carousel_EffectUITests.swift in Sources */,
			);
			runOnlyForDeploymentPostprocessing = 0;
		};
/* End PBXSourcesBuildPhase section */

/* Begin PBXTargetDependency section */
		4E691CE11DE284C400B31122 /* PBXTargetDependency */ = {
			isa = PBXTargetDependency;
			target = 4E691CCA1DE284C400B31122 /* Carousel Effect */;
			targetProxy = 4E691CE01DE284C400B31122 /* PBXContainerItemProxy */;
		};
		4E691CEC1DE284C400B31122 /* PBXTargetDependency */ = {
			isa = PBXTargetDependency;
			target = 4E691CCA1DE284C400B31122 /* Carousel Effect */;
			targetProxy = 4E691CEB1DE284C400B31122 /* PBXContainerItemProxy */;
		};
/* End PBXTargetDependency section */

/* Begin PBXVariantGroup section */
		4E691CD21DE284C400B31122 /* Main.storyboard */ = {
			isa = PBXVariantGroup;
			children = (
				4E691CD31DE284C400B31122 /* Base */,
			);
			name = Main.storyboard;
			sourceTree = "<group>";
		};
		4E691CD71DE284C400B31122 /* LaunchScreen.storyboard */ = {
			isa = PBXVariantGroup;
			children = (
				4E691CD81DE284C400B31122 /* Base */,
			);
			name = LaunchScreen.storyboard;
			sourceTree = "<group>";
		};
/* End PBXVariantGroup section */

/* Begin XCBuildConfiguration section */
		4E691CF11DE284C400B31122 /* Debug */ = {
			isa = XCBuildConfiguration;
			buildSettings = {
				ALWAYS_SEARCH_USER_PATHS = NO;
				CLANG_ANALYZER_NONNULL = YES;
				CLANG_CXX_LANGUAGE_STANDARD = "gnu++0x";
				CLANG_CXX_LIBRARY = "libc++";
				CLANG_ENABLE_MODULES = YES;
				CLANG_ENABLE_OBJC_ARC = YES;
				CLANG_WARN_BOOL_CONVERSION = YES;
				CLANG_WARN_CONSTANT_CONVERSION = YES;
				CLANG_WARN_DIRECT_OBJC_ISA_USAGE = YES_ERROR;
				CLANG_WARN_DOCUMENTATION_COMMENTS = YES;
				CLANG_WARN_EMPTY_BODY = YES;
				CLANG_WARN_ENUM_CONVERSION = YES;
				CLANG_WARN_INFINITE_RECURSION = YES;
				CLANG_WARN_INT_CONVERSION = YES;
				CLANG_WARN_OBJC_ROOT_CLASS = YES_ERROR;
				CLANG_WARN_SUSPICIOUS_MOVES = YES;
				CLANG_WARN_UNREACHABLE_CODE = YES;
				CLANG_WARN__DUPLICATE_METHOD_MATCH = YES;
				"CODE_SIGN_IDENTITY[sdk=iphoneos*]" = "iPhone Developer";
				COPY_PHASE_STRIP = NO;
				DEBUG_INFORMATION_FORMAT = dwarf;
				ENABLE_STRICT_OBJC_MSGSEND = YES;
				ENABLE_TESTABILITY = YES;
				GCC_C_LANGUAGE_STANDARD = gnu99;
				GCC_DYNAMIC_NO_PIC = NO;
				GCC_NO_COMMON_BLOCKS = YES;
				GCC_OPTIMIZATION_LEVEL = 0;
				GCC_PREPROCESSOR_DEFINITIONS = (
					"DEBUG=1",
					"$(inherited)",
				);
				GCC_WARN_64_TO_32_BIT_CONVERSION = YES;
				GCC_WARN_ABOUT_RETURN_TYPE = YES_ERROR;
				GCC_WARN_UNDECLARED_SELECTOR = YES;
				GCC_WARN_UNINITIALIZED_AUTOS = YES_AGGRESSIVE;
				GCC_WARN_UNUSED_FUNCTION = YES;
				GCC_WARN_UNUSED_VARIABLE = YES;
				IPHONEOS_DEPLOYMENT_TARGET = 10.1;
				MTL_ENABLE_DEBUG_INFO = YES;
				ONLY_ACTIVE_ARCH = YES;
				SDKROOT = iphoneos;
				SWIFT_ACTIVE_COMPILATION_CONDITIONS = DEBUG;
				SWIFT_OPTIMIZATION_LEVEL = "-Onone";
				TARGETED_DEVICE_FAMILY = "1,2";
			};
			name = Debug;
		};
		4E691CF21DE284C400B31122 /* Release */ = {
			isa = XCBuildConfiguration;
			buildSettings = {
				ALWAYS_SEARCH_USER_PATHS = NO;
				CLANG_ANALYZER_NONNULL = YES;
				CLANG_CXX_LANGUAGE_STANDARD = "gnu++0x";
				CLANG_CXX_LIBRARY = "libc++";
				CLANG_ENABLE_MODULES = YES;
				CLANG_ENABLE_OBJC_ARC = YES;
				CLANG_WARN_BOOL_CONVERSION = YES;
				CLANG_WARN_CONSTANT_CONVERSION = YES;
				CLANG_WARN_DIRECT_OBJC_ISA_USAGE = YES_ERROR;
				CLANG_WARN_DOCUMENTATION_COMMENTS = YES;
				CLANG_WARN_EMPTY_BODY = YES;
				CLANG_WARN_ENUM_CONVERSION = YES;
				CLANG_WARN_INFINITE_RECURSION = YES;
				CLANG_WARN_INT_CONVERSION = YES;
				CLANG_WARN_OBJC_ROOT_CLASS = YES_ERROR;
				CLANG_WARN_SUSPICIOUS_MOVES = YES;
				CLANG_WARN_UNREACHABLE_CODE = YES;
				CLANG_WARN__DUPLICATE_METHOD_MATCH = YES;
				"CODE_SIGN_IDENTITY[sdk=iphoneos*]" = "iPhone Developer";
				COPY_PHASE_STRIP = NO;
				DEBUG_INFORMATION_FORMAT = "dwarf-with-dsym";
				ENABLE_NS_ASSERTIONS = NO;
				ENABLE_STRICT_OBJC_MSGSEND = YES;
				GCC_C_LANGUAGE_STANDARD = gnu99;
				GCC_NO_COMMON_BLOCKS = YES;
				GCC_WARN_64_TO_32_BIT_CONVERSION = YES;
				GCC_WARN_ABOUT_RETURN_TYPE = YES_ERROR;
				GCC_WARN_UNDECLARED_SELECTOR = YES;
				GCC_WARN_UNINITIALIZED_AUTOS = YES_AGGRESSIVE;
				GCC_WARN_UNUSED_FUNCTION = YES;
				GCC_WARN_UNUSED_VARIABLE = YES;
				IPHONEOS_DEPLOYMENT_TARGET = 10.1;
				MTL_ENABLE_DEBUG_INFO = NO;
				SDKROOT = iphoneos;
				SWIFT_OPTIMIZATION_LEVEL = "-Owholemodule";
				TARGETED_DEVICE_FAMILY = "1,2";
				VALIDATE_PRODUCT = YES;
			};
			name = Release;
		};
		4E691CF41DE284C400B31122 /* Debug */ = {
			isa = XCBuildConfiguration;
			buildSettings = {
				ASSETCATALOG_COMPILER_APPICON_NAME = AppIcon;
				DEVELOPMENT_TEAM = HK6UA2S7R6;
				INFOPLIST_FILE = "Carousel Effect/Info.plist";
				LD_RUNPATH_SEARCH_PATHS = "$(inherited) @executable_path/Frameworks";
				PRODUCT_BUNDLE_IDENTIFIER = "chenzuo.Carousel-Effect";
				PRODUCT_NAME = "$(TARGET_NAME)";
				SWIFT_VERSION = 3.0;
			};
			name = Debug;
		};
		4E691CF51DE284C400B31122 /* Release */ = {
			isa = XCBuildConfiguration;
			buildSettings = {
				ASSETCATALOG_COMPILER_APPICON_NAME = AppIcon;
				DEVELOPMENT_TEAM = HK6UA2S7R6;
				INFOPLIST_FILE = "Carousel Effect/Info.plist";
				LD_RUNPATH_SEARCH_PATHS = "$(inherited) @executable_path/Frameworks";
				PRODUCT_BUNDLE_IDENTIFIER = "chenzuo.Carousel-Effect";
				PRODUCT_NAME = "$(TARGET_NAME)";
				SWIFT_VERSION = 3.0;
			};
			name = Release;
		};
		4E691CF71DE284C400B31122 /* Debug */ = {
			isa = XCBuildConfiguration;
			buildSettings = {
				ALWAYS_EMBED_SWIFT_STANDARD_LIBRARIES = YES;
				BUNDLE_LOADER = "$(TEST_HOST)";
				DEVELOPMENT_TEAM = HK6UA2S7R6;
				INFOPLIST_FILE = "Carousel EffectTests/Info.plist";
				LD_RUNPATH_SEARCH_PATHS = "$(inherited) @executable_path/Frameworks @loader_path/Frameworks";
				PRODUCT_BUNDLE_IDENTIFIER = "chenzuo.Carousel-EffectTests";
				PRODUCT_NAME = "$(TARGET_NAME)";
				SWIFT_VERSION = 3.0;
				TEST_HOST = "$(BUILT_PRODUCTS_DIR)/Carousel Effect.app/Carousel Effect";
			};
			name = Debug;
		};
		4E691CF81DE284C400B31122 /* Release */ = {
			isa = XCBuildConfiguration;
			buildSettings = {
				ALWAYS_EMBED_SWIFT_STANDARD_LIBRARIES = YES;
				BUNDLE_LOADER = "$(TEST_HOST)";
				DEVELOPMENT_TEAM = HK6UA2S7R6;
				INFOPLIST_FILE = "Carousel EffectTests/Info.plist";
				LD_RUNPATH_SEARCH_PATHS = "$(inherited) @executable_path/Frameworks @loader_path/Frameworks";
				PRODUCT_BUNDLE_IDENTIFIER = "chenzuo.Carousel-EffectTests";
				PRODUCT_NAME = "$(TARGET_NAME)";
				SWIFT_VERSION = 3.0;
				TEST_HOST = "$(BUILT_PRODUCTS_DIR)/Carousel Effect.app/Carousel Effect";
			};
			name = Release;
		};
		4E691CFA1DE284C400B31122 /* Debug */ = {
			isa = XCBuildConfiguration;
			buildSettings = {
				ALWAYS_EMBED_SWIFT_STANDARD_LIBRARIES = YES;
				DEVELOPMENT_TEAM = HK6UA2S7R6;
				INFOPLIST_FILE = "Carousel EffectUITests/Info.plist";
				LD_RUNPATH_SEARCH_PATHS = "$(inherited) @executable_path/Frameworks @loader_path/Frameworks";
				PRODUCT_BUNDLE_IDENTIFIER = "chenzuo.Carousel-EffectUITests";
				PRODUCT_NAME = "$(TARGET_NAME)";
				SWIFT_VERSION = 3.0;
				TEST_TARGET_NAME = "Carousel Effect";
			};
			name = Debug;
		};
		4E691CFB1DE284C400B31122 /* Release */ = {
			isa = XCBuildConfiguration;
			buildSettings = {
				ALWAYS_EMBED_SWIFT_STANDARD_LIBRARIES = YES;
				DEVELOPMENT_TEAM = HK6UA2S7R6;
				INFOPLIST_FILE = "Carousel EffectUITests/Info.plist";
				LD_RUNPATH_SEARCH_PATHS = "$(inherited) @executable_path/Frameworks @loader_path/Frameworks";
				PRODUCT_BUNDLE_IDENTIFIER = "chenzuo.Carousel-EffectUITests";
				PRODUCT_NAME = "$(TARGET_NAME)";
				SWIFT_VERSION = 3.0;
				TEST_TARGET_NAME = "Carousel Effect";
			};
			name = Release;
		};
/* End XCBuildConfiguration section */

/* Begin XCConfigurationList section */
		4E691CC61DE284C400B31122 /* Build configuration list for PBXProject "Carousel Effect" */ = {
			isa = XCConfigurationList;
			buildConfigurations = (
				4E691CF11DE284C400B31122 /* Debug */,
				4E691CF21DE284C400B31122 /* Release */,
			);
			defaultConfigurationIsVisible = 0;
			defaultConfigurationName = Release;
		};
		4E691CF31DE284C400B31122 /* Build configuration list for PBXNativeTarget "Carousel Effect" */ = {
			isa = XCConfigurationList;
			buildConfigurations = (
				4E691CF41DE284C400B31122 /* Debug */,
				4E691CF51DE284C400B31122 /* Release */,
			);
			defaultConfigurationIsVisible = 0;
		};
		4E691CF61DE284C400B31122 /* Build configuration list for PBXNativeTarget "Carousel EffectTests" */ = {
			isa = XCConfigurationList;
			buildConfigurations = (
				4E691CF71DE284C400B31122 /* Debug */,
				4E691CF81DE284C400B31122 /* Release */,
			);
			defaultConfigurationIsVisible = 0;
		};
		4E691CF91DE284C400B31122 /* Build configuration list for PBXNativeTarget "Carousel EffectUITests" */ = {
			isa = XCConfigurationList;
			buildConfigurations = (
				4E691CFA1DE284C400B31122 /* Debug */,
				4E691CFB1DE284C400B31122 /* Release */,
			);
			defaultConfigurationIsVisible = 0;
		};
/* End XCConfigurationList section */
	};
	rootObject = 4E691CC31DE284C400B31122 /* Project object */;
}
