// !$*UTF8*$!
{
	archiveVersion = 1;
	classes = {
	};
	objectVersion = 46;
	objects = {

/* Begin PBXBuildFile section */
		4EE3F1001DEE711E006F28AB /* AppDelegate.swift in Sources */ = {isa = PBXBuildFile; fileRef = 4EE3F0FF1DEE711E006F28AB /* AppDelegate.swift */; };
		4EE3F1051DEE711E006F28AB /* Main.storyboard in Resources */ = {isa = PBXBuildFile; fileRef = 4EE3F1031DEE711E006F28AB /* Main.storyboard */; };
		4EE3F1071DEE711E006F28AB /* Assets.xcassets in Resources */ = {isa = PBXBuildFile; fileRef = 4EE3F1061DEE711E006F28AB /* Assets.xcassets */; };
		4EE3F10A1DEE711E006F28AB /* LaunchScreen.storyboard in Resources */ = {isa = PBXBuildFile; fileRef = 4EE3F1081DEE711E006F28AB /* LaunchScreen.storyboard */; };
		4EE3F1151DEE711E006F28AB /* animationTableTests.swift in Sources */ = {isa = PBXBuildFile; fileRef = 4EE3F1141DEE711E006F28AB /* animationTableTests.swift */; };
		4EE3F1201DEE711E006F28AB /* animationTableUITests.swift in Sources */ = {isa = PBXBuildFile; fileRef = 4EE3F11F1DEE711E006F28AB /* animationTableUITests.swift */; };
		4EE3F12E1DEEAF2A006F28AB /* FirstTableViewController.swift in Sources */ = {isa = PBXBuildFile; fileRef = 4EE3F12D1DEEAF2A006F28AB /* FirstTableViewController.swift */; };
		4EE3F1301DEEC55E006F28AB /* FirstTableCell.swift in Sources */ = {isa = PBXBuildFile; fileRef = 4EE3F12F1DEEC55E006F28AB /* FirstTableCell.swift */; };
		4EE3F1321DF008AB006F28AB /* AnimateTableViewController.swift in Sources */ = {isa = PBXBuildFile; fileRef = 4EE3F1311DF008AB006F28AB /* AnimateTableViewController.swift */; };
		4EE3F1341DF00970006F28AB /* SecondTableCell.swift in Sources */ = {isa = PBXBuildFile; fileRef = 4EE3F1331DF00970006F28AB /* SecondTableCell.swift */; };
/* End PBXBuildFile section */

/* Begin PBXContainerItemProxy section */
		4EE3F1111DEE711E006F28AB /* PBXContainerItemProxy */ = {
			isa = PBXContainerItemProxy;
			containerPortal = 4EE3F0F41DEE711E006F28AB /* Project object */;
			proxyType = 1;
			remoteGlobalIDString = 4EE3F0FB1DEE711E006F28AB;
			remoteInfo = animationTable;
		};
		4EE3F11C1DEE711E006F28AB /* PBXContainerItemProxy */ = {
			isa = PBXContainerItemProxy;
			containerPortal = 4EE3F0F41DEE711E006F28AB /* Project object */;
			proxyType = 1;
			remoteGlobalIDString = 4EE3F0FB1DEE711E006F28AB;
			remoteInfo = animationTable;
		};
/* End PBXContainerItemProxy section */

/* Begin PBXFileReference section */
		4EE3F0FC1DEE711E006F28AB /* animationTable.app */ = {isa = PBXFileReference; explicitFileType = wrapper.application; includeInIndex = 0; path = animationTable.app; sourceTree = BUILT_PRODUCTS_DIR; };
		4EE3F0FF1DEE711E006F28AB /* AppDelegate.swift */ = {isa = PBXFileReference; lastKnownFileType = sourcecode.swift; path = AppDelegate.swift; sourceTree = "<group>"; };
		4EE3F1041DEE711E006F28AB /* Base */ = {isa = PBXFileReference; lastKnownFileType = file.storyboard; name = Base; path = Base.lproj/Main.storyboard; sourceTree = "<group>"; };
		4EE3F1061DEE711E006F28AB /* Assets.xcassets */ = {isa = PBXFileReference; lastKnownFileType = folder.assetcatalog; path = Assets.xcassets; sourceTree = "<group>"; };
		4EE3F1091DEE711E006F28AB /* Base */ = {isa = PBXFileReference; lastKnownFileType = file.storyboard; name = Base; path = Base.lproj/LaunchScreen.storyboard; sourceTree = "<group>"; };
		4EE3F10B1DEE711E006F28AB /* Info.plist */ = {isa = PBXFileReference; lastKnownFileType = text.plist.xml; path = Info.plist; sourceTree = "<group>"; };
		4EE3F1101DEE711E006F28AB /* animationTableTests.xctest */ = {isa = PBXFileReference; explicitFileType = wrapper.cfbundle; includeInIndex = 0; path = animationTableTests.xctest; sourceTree = BUILT_PRODUCTS_DIR; };
		4EE3F1141DEE711E006F28AB /* animationTableTests.swift */ = {isa = PBXFileReference; lastKnownFileType = sourcecode.swift; path = animationTableTests.swift; sourceTree = "<group>"; };
		4EE3F1161DEE711E006F28AB /* Info.plist */ = {isa = PBXFileReference; lastKnownFileType = text.plist.xml; path = Info.plist; sourceTree = "<group>"; };
		4EE3F11B1DEE711E006F28AB /* animationTableUITests.xctest */ = {isa = PBXFileReference; explicitFileType = wrapper.cfbundle; includeInIndex = 0; path = animationTableUITests.xctest; sourceTree = BUILT_PRODUCTS_DIR; };
		4EE3F11F1DEE711E006F28AB /* animationTableUITests.swift */ = {isa = PBXFileReference; lastKnownFileType = sourcecode.swift; path = animationTableUITests.swift; sourceTree = "<group>"; };
		4EE3F1211DEE711E006F28AB /* Info.plist */ = {isa = PBXFileReference; lastKnownFileType = text.plist.xml; path = Info.plist; sourceTree = "<group>"; };
		4EE3F12D1DEEAF2A006F28AB /* FirstTableViewController.swift */ = {isa = PBXFileReference; fileEncoding = 4; lastKnownFileType = sourcecode.swift; path = FirstTableViewController.swift; sourceTree = "<group>"; };
		4EE3F12F1DEEC55E006F28AB /* FirstTableCell.swift */ = {isa = PBXFileReference; fileEncoding = 4; lastKnownFileType = sourcecode.swift; path = FirstTableCell.swift; sourceTree = "<group>"; };
		4EE3F1311DF008AB006F28AB /* AnimateTableViewController.swift */ = {isa = PBXFileReference; fileEncoding = 4; lastKnownFileType = sourcecode.swift; path = AnimateTableViewController.swift; sourceTree = "<group>"; };
		4EE3F1331DF00970006F28AB /* SecondTableCell.swift */ = {isa = PBXFileReference; fileEncoding = 4; lastKnownFileType = sourcecode.swift; path = SecondTableCell.swift; sourceTree = "<group>"; };
/* End PBXFileReference section */

/* Begin PBXFrameworksBuildPhase section */
		4EE3F0F91DEE711E006F28AB /* Frameworks */ = {
			isa = PBXFrameworksBuildPhase;
			buildActionMask = 2147483647;
			files = (
			);
			runOnlyForDeploymentPostprocessing = 0;
		};
		4EE3F10D1DEE711E006F28AB /* Frameworks */ = {
			isa = PBXFrameworksBuildPhase;
			buildActionMask = 2147483647;
			files = (
			);
			runOnlyForDeploymentPostprocessing = 0;
		};
		4EE3F1181DEE711E006F28AB /* Frameworks */ = {
			isa = PBXFrameworksBuildPhase;
			buildActionMask = 2147483647;
			files = (
			);
			runOnlyForDeploymentPostprocessing = 0;
		};
/* End PBXFrameworksBuildPhase section */

/* Begin PBXGroup section */
		4EE3F0F31DEE711E006F28AB = {
			isa = PBXGroup;
			children = (
				4EE3F0FE1DEE711E006F28AB /* animationTable */,
				4EE3F1131DEE711E006F28AB /* animationTableTests */,
				4EE3F11E1DEE711E006F28AB /* animationTableUITests */,
				4EE3F0FD1DEE711E006F28AB /* Products */,
			);
			sourceTree = "<group>";
		};
		4EE3F0FD1DEE711E006F28AB /* Products */ = {
			isa = PBXGroup;
			children = (
				4EE3F0FC1DEE711E006F28AB /* animationTable.app */,
				4EE3F1101DEE711E006F28AB /* animationTableTests.xctest */,
				4EE3F11B1DEE711E006F28AB /* animationTableUITests.xctest */,
			);
			name = Products;
			sourceTree = "<group>";
		};
		4EE3F0FE1DEE711E006F28AB /* animationTable */ = {
			isa = PBXGroup;
			children = (
				4EE3F0FF1DEE711E006F28AB /* AppDelegate.swift */,
				4EE3F1031DEE711E006F28AB /* Main.storyboard */,
				4EE3F12D1DEEAF2A006F28AB /* FirstTableViewController.swift */,
				4EE3F12F1DEEC55E006F28AB /* FirstTableCell.swift */,
				4EE3F1311DF008AB006F28AB /* AnimateTableViewController.swift */,
				4EE3F1331DF00970006F28AB /* SecondTableCell.swift */,
				4EE3F1061DEE711E006F28AB /* Assets.xcassets */,
				4EE3F1081DEE711E006F28AB /* LaunchScreen.storyboard */,
				4EE3F10B1DEE711E006F28AB /* Info.plist */,
			);
			path = animationTable;
			sourceTree = "<group>";
		};
		4EE3F1131DEE711E006F28AB /* animationTableTests */ = {
			isa = PBXGroup;
			children = (
				4EE3F1141DEE711E006F28AB /* animationTableTests.swift */,
				4EE3F1161DEE711E006F28AB /* Info.plist */,
			);
			path = animationTableTests;
			sourceTree = "<group>";
		};
		4EE3F11E1DEE711E006F28AB /* animationTableUITests */ = {
			isa = PBXGroup;
			children = (
				4EE3F11F1DEE711E006F28AB /* animationTableUITests.swift */,
				4EE3F1211DEE711E006F28AB /* Info.plist */,
			);
			path = animationTableUITests;
			sourceTree = "<group>";
		};
/* End PBXGroup section */

/* Begin PBXNativeTarget section */
		4EE3F0FB1DEE711E006F28AB /* animationTable */ = {
			isa = PBXNativeTarget;
			buildConfigurationList = 4EE3F1241DEE711E006F28AB /* Build configuration list for PBXNativeTarget "animationTable" */;
			buildPhases = (
				4EE3F0F81DEE711E006F28AB /* Sources */,
				4EE3F0F91DEE711E006F28AB /* Frameworks */,
				4EE3F0FA1DEE711E006F28AB /* Resources */,
			);
			buildRules = (
			);
			dependencies = (
			);
			name = animationTable;
			productName = animationTable;
			productReference = 4EE3F0FC1DEE711E006F28AB /* animationTable.app */;
			productType = "com.apple.product-type.application";
		};
		4EE3F10F1DEE711E006F28AB /* animationTableTests */ = {
			isa = PBXNativeTarget;
			buildConfigurationList = 4EE3F1271DEE711E006F28AB /* Build configuration list for PBXNativeTarget "animationTableTests" */;
			buildPhases = (
				4EE3F10C1DEE711E006F28AB /* Sources */,
				4EE3F10D1DEE711E006F28AB /* Frameworks */,
				4EE3F10E1DEE711E006F28AB /* Resources */,
			);
			buildRules = (
			);
			dependencies = (
				4EE3F1121DEE711E006F28AB /* PBXTargetDependency */,
			);
			name = animationTableTests;
			productName = animationTableTests;
			productReference = 4EE3F1101DEE711E006F28AB /* animationTableTests.xctest */;
			productType = "com.apple.product-type.bundle.unit-test";
		};
		4EE3F11A1DEE711E006F28AB /* animationTableUITests */ = {
			isa = PBXNativeTarget;
			buildConfigurationList = 4EE3F12A1DEE711E006F28AB /* Build configuration list for PBXNativeTarget "animationTableUITests" */;
			buildPhases = (
				4EE3F1171DEE711E006F28AB /* Sources */,
				4EE3F1181DEE711E006F28AB /* Frameworks */,
				4EE3F1191DEE711E006F28AB /* Resources */,
			);
			buildRules = (
			);
			dependencies = (
				4EE3F11D1DEE711E006F28AB /* PBXTargetDependency */,
			);
			name = animationTableUITests;
			productName = animationTableUITests;
			productReference = 4EE3F11B1DEE711E006F28AB /* animationTableUITests.xctest */;
			productType = "com.apple.product-type.bundle.ui-testing";
		};
/* End PBXNativeTarget section */

/* Begin PBXProject section */
		4EE3F0F41DEE711E006F28AB /* Project object */ = {
			isa = PBXProject;
			attributes = {
				LastSwiftUpdateCheck = 0810;
				LastUpgradeCheck = 0810;
				ORGANIZATIONNAME = ChenZuo;
				TargetAttributes = {
					4EE3F0FB1DEE711E006F28AB = {
						CreatedOnToolsVersion = 8.1;
						DevelopmentTeam = HK6UA2S7R6;
						ProvisioningStyle = Automatic;
					};
					4EE3F10F1DEE711E006F28AB = {
						CreatedOnToolsVersion = 8.1;
						DevelopmentTeam = HK6UA2S7R6;
						ProvisioningStyle = Automatic;
						TestTargetID = 4EE3F0FB1DEE711E006F28AB;
					};
					4EE3F11A1DEE711E006F28AB = {
						CreatedOnToolsVersion = 8.1;
						DevelopmentTeam = HK6UA2S7R6;
						ProvisioningStyle = Automatic;
						TestTargetID = 4EE3F0FB1DEE711E006F28AB;
					};
				};
			};
			buildConfigurationList = 4EE3F0F71DEE711E006F28AB /* Build configuration list for PBXProject "animationTable" */;
			compatibilityVersion = "Xcode 3.2";
			developmentRegion = English;
			hasScannedForEncodings = 0;
			knownRegions = (
				en,
				Base,
			);
			mainGroup = 4EE3F0F31DEE711E006F28AB;
			productRefGroup = 4EE3F0FD1DEE711E006F28AB /* Products */;
			projectDirPath = "";
			projectRoot = "";
			targets = (
				4EE3F0FB1DEE711E006F28AB /* animationTable */,
				4EE3F10F1DEE711E006F28AB /* animationTableTests */,
				4EE3F11A1DEE711E006F28AB /* animationTableUITests */,
			);
		};
/* End PBXProject section */

/* Begin PBXResourcesBuildPhase section */
		4EE3F0FA1DEE711E006F28AB /* Resources */ = {
			isa = PBXResourcesBuildPhase;
			buildActionMask = 2147483647;
			files = (
				4EE3F10A1DEE711E006F28AB /* LaunchScreen.storyboard in Resources */,
				4EE3F1071DEE711E006F28AB /* Assets.xcassets in Resources */,
				4EE3F1051DEE711E006F28AB /* Main.storyboard in Resources */,
			);
			runOnlyForDeploymentPostprocessing = 0;
		};
		4EE3F10E1DEE711E006F28AB /* Resources */ = {
			isa = PBXResourcesBuildPhase;
			buildActionMask = 2147483647;
			files = (
			);
			runOnlyForDeploymentPostprocessing = 0;
		};
		4EE3F1191DEE711E006F28AB /* Resources */ = {
			isa = PBXResourcesBuildPhase;
			buildActionMask = 2147483647;
			files = (
			);
			runOnlyForDeploymentPostprocessing = 0;
		};
/* End PBXResourcesBuildPhase section */

/* Begin PBXSourcesBuildPhase section */
		4EE3F0F81DEE711E006F28AB /* Sources */ = {
			isa = PBXSourcesBuildPhase;
			buildActionMask = 2147483647;
			files = (
				4EE3F1341DF00970006F28AB /* SecondTableCell.swift in Sources */,
				4EE3F1321DF008AB006F28AB /* AnimateTableViewController.swift in Sources */,
				4EE3F1001DEE711E006F28AB /* AppDelegate.swift in Sources */,
				4EE3F12E1DEEAF2A006F28AB /* FirstTableViewController.swift in Sources */,
				4EE3F1301DEEC55E006F28AB /* FirstTableCell.swift in Sources */,
			);
			runOnlyForDeploymentPostprocessing = 0;
		};
		4EE3F10C1DEE711E006F28AB /* Sources */ = {
			isa = PBXSourcesBuildPhase;
			buildActionMask = 2147483647;
			files = (
				4EE3F1151DEE711E006F28AB /* animationTableTests.swift in Sources */,
			);
			runOnlyForDeploymentPostprocessing = 0;
		};
		4EE3F1171DEE711E006F28AB /* Sources */ = {
			isa = PBXSourcesBuildPhase;
			buildActionMask = 2147483647;
			files = (
				4EE3F1201DEE711E006F28AB /* animationTableUITests.swift in Sources */,
			);
			runOnlyForDeploymentPostprocessing = 0;
		};
/* End PBXSourcesBuildPhase section */

/* Begin PBXTargetDependency section */
		4EE3F1121DEE711E006F28AB /* PBXTargetDependency */ = {
			isa = PBXTargetDependency;
			target = 4EE3F0FB1DEE711E006F28AB /* animationTable */;
			targetProxy = 4EE3F1111DEE711E006F28AB /* PBXContainerItemProxy */;
		};
		4EE3F11D1DEE711E006F28AB /* PBXTargetDependency */ = {
			isa = PBXTargetDependency;
			target = 4EE3F0FB1DEE711E006F28AB /* animationTable */;
			targetProxy = 4EE3F11C1DEE711E006F28AB /* PBXContainerItemProxy */;
		};
/* End PBXTargetDependency section */

/* Begin PBXVariantGroup section */
		4EE3F1031DEE711E006F28AB /* Main.storyboard */ = {
			isa = PBXVariantGroup;
			children = (
				4EE3F1041DEE711E006F28AB /* Base */,
			);
			name = Main.storyboard;
			sourceTree = "<group>";
		};
		4EE3F1081DEE711E006F28AB /* LaunchScreen.storyboard */ = {
			isa = PBXVariantGroup;
			children = (
				4EE3F1091DEE711E006F28AB /* Base */,
			);
			name = LaunchScreen.storyboard;
			sourceTree = "<group>";
		};
/* End PBXVariantGroup section */

/* Begin XCBuildConfiguration section */
		4EE3F1221DEE711E006F28AB /* Debug */ = {
			isa = XCBuildConfiguration;
			buildSettings = {
				ALWAYS_SEARCH_USER_PATHS = NO;
				CLANG_ANALYZER_NONNULL = YES;
				CLANG_CXX_LANGUAGE_STANDARD = "gnu++0x";
				CLANG_CXX_LIBRARY = "libc++";
				CLANG_ENABLE_MODULES = YES;
				CLANG_ENABLE_OBJC_ARC = YES;
				CLANG_WARN_BOOL_CONVERSION = YES;
				CLANG_WARN_CONSTANT_CONVERSION = YES;
				CLANG_WARN_DIRECT_OBJC_ISA_USAGE = YES_ERROR;
				CLANG_WARN_DOCUMENTATION_COMMENTS = YES;
				CLANG_WARN_EMPTY_BODY = YES;
				CLANG_WARN_ENUM_CONVERSION = YES;
				CLANG_WARN_INFINITE_RECURSION = YES;
				CLANG_WARN_INT_CONVERSION = YES;
				CLANG_WARN_OBJC_ROOT_CLASS = YES_ERROR;
				CLANG_WARN_SUSPICIOUS_MOVES = YES;
				CLANG_WARN_UNREACHABLE_CODE = YES;
				CLANG_WARN__DUPLICATE_METHOD_MATCH = YES;
				"CODE_SIGN_IDENTITY[sdk=iphoneos*]" = "iPhone Developer";
				COPY_PHASE_STRIP = NO;
				DEBUG_INFORMATION_FORMAT = dwarf;
				ENABLE_STRICT_OBJC_MSGSEND = YES;
				ENABLE_TESTABILITY = YES;
				GCC_C_LANGUAGE_STANDARD = gnu99;
				GCC_DYNAMIC_NO_PIC = NO;
				GCC_NO_COMMON_BLOCKS = YES;
				GCC_OPTIMIZATION_LEVEL = 0;
				GCC_PREPROCESSOR_DEFINITIONS = (
					"DEBUG=1",
					"$(inherited)",
				);
				GCC_WARN_64_TO_32_BIT_CONVERSION = YES;
				GCC_WARN_ABOUT_RETURN_TYPE = YES_ERROR;
				GCC_WARN_UNDECLARED_SELECTOR = YES;
				GCC_WARN_UNINITIALIZED_AUTOS = YES_AGGRESSIVE;
				GCC_WARN_UNUSED_FUNCTION = YES;
				GCC_WARN_UNUSED_VARIABLE = YES;
				IPHONEOS_DEPLOYMENT_TARGET = 10.1;
				MTL_ENABLE_DEBUG_INFO = YES;
				ONLY_ACTIVE_ARCH = YES;
				SDKROOT = iphoneos;
				SWIFT_ACTIVE_COMPILATION_CONDITIONS = DEBUG;
				SWIFT_OPTIMIZATION_LEVEL = "-Onone";
				TARGETED_DEVICE_FAMILY = "1,2";
			};
			name = Debug;
		};
		4EE3F1231DEE711E006F28AB /* Release */ = {
			isa = XCBuildConfiguration;
			buildSettings = {
				ALWAYS_SEARCH_USER_PATHS = NO;
				CLANG_ANALYZER_NONNULL = YES;
				CLANG_CXX_LANGUAGE_STANDARD = "gnu++0x";
				CLANG_CXX_LIBRARY = "libc++";
				CLANG_ENABLE_MODULES = YES;
				CLANG_ENABLE_OBJC_ARC = YES;
				CLANG_WARN_BOOL_CONVERSION = YES;
				CLANG_WARN_CONSTANT_CONVERSION = YES;
				CLANG_WARN_DIRECT_OBJC_ISA_USAGE = YES_ERROR;
				CLANG_WARN_DOCUMENTATION_COMMENTS = YES;
				CLANG_WARN_EMPTY_BODY = YES;
				CLANG_WARN_ENUM_CONVERSION = YES;
				CLANG_WARN_INFINITE_RECURSION = YES;
				CLANG_WARN_INT_CONVERSION = YES;
				CLANG_WARN_OBJC_ROOT_CLASS = YES_ERROR;
				CLANG_WARN_SUSPICIOUS_MOVES = YES;
				CLANG_WARN_UNREACHABLE_CODE = YES;
				CLANG_WARN__DUPLICATE_METHOD_MATCH = YES;
				"CODE_SIGN_IDENTITY[sdk=iphoneos*]" = "iPhone Developer";
				COPY_PHASE_STRIP = NO;
				DEBUG_INFORMATION_FORMAT = "dwarf-with-dsym";
				ENABLE_NS_ASSERTIONS = NO;
				ENABLE_STRICT_OBJC_MSGSEND = YES;
				GCC_C_LANGUAGE_STANDARD = gnu99;
				GCC_NO_COMMON_BLOCKS = YES;
				GCC_WARN_64_TO_32_BIT_CONVERSION = YES;
				GCC_WARN_ABOUT_RETURN_TYPE = YES_ERROR;
				GCC_WARN_UNDECLARED_SELECTOR = YES;
				GCC_WARN_UNINITIALIZED_AUTOS = YES_AGGRESSIVE;
				GCC_WARN_UNUSED_FUNCTION = YES;
				GCC_WARN_UNUSED_VARIABLE = YES;
				IPHONEOS_DEPLOYMENT_TARGET = 10.1;
				MTL_ENABLE_DEBUG_INFO = NO;
				SDKROOT = iphoneos;
				SWIFT_OPTIMIZATION_LEVEL = "-Owholemodule";
				TARGETED_DEVICE_FAMILY = "1,2";
				VALIDATE_PRODUCT = YES;
			};
			name = Release;
		};
		4EE3F1251DEE711E006F28AB /* Debug */ = {
			isa = XCBuildConfiguration;
			buildSettings = {
				ASSETCATALOG_COMPILER_APPICON_NAME = AppIcon;
				DEVELOPMENT_TEAM = HK6UA2S7R6;
				INFOPLIST_FILE = animationTable/Info.plist;
				LD_RUNPATH_SEARCH_PATHS = "$(inherited) @executable_path/Frameworks";
				PRODUCT_BUNDLE_IDENTIFIER = chenzuo.animationTable;
				PRODUCT_NAME = "$(TARGET_NAME)";
				SWIFT_VERSION = 3.0;
			};
			name = Debug;
		};
		4EE3F1261DEE711E006F28AB /* Release */ = {
			isa = XCBuildConfiguration;
			buildSettings = {
				ASSETCATALOG_COMPILER_APPICON_NAME = AppIcon;
				DEVELOPMENT_TEAM = HK6UA2S7R6;
				INFOPLIST_FILE = animationTable/Info.plist;
				LD_RUNPATH_SEARCH_PATHS = "$(inherited) @executable_path/Frameworks";
				PRODUCT_BUNDLE_IDENTIFIER = chenzuo.animationTable;
				PRODUCT_NAME = "$(TARGET_NAME)";
				SWIFT_VERSION = 3.0;
			};
			name = Release;
		};
		4EE3F1281DEE711E006F28AB /* Debug */ = {
			isa = XCBuildConfiguration;
			buildSettings = {
				ALWAYS_EMBED_SWIFT_STANDARD_LIBRARIES = YES;
				BUNDLE_LOADER = "$(TEST_HOST)";
				DEVELOPMENT_TEAM = HK6UA2S7R6;
				INFOPLIST_FILE = animationTableTests/Info.plist;
				LD_RUNPATH_SEARCH_PATHS = "$(inherited) @executable_path/Frameworks @loader_path/Frameworks";
				PRODUCT_BUNDLE_IDENTIFIER = chenzuo.animationTableTests;
				PRODUCT_NAME = "$(TARGET_NAME)";
				SWIFT_VERSION = 3.0;
				TEST_HOST = "$(BUILT_PRODUCTS_DIR)/animationTable.app/animationTable";
			};
			name = Debug;
		};
		4EE3F1291DEE711E006F28AB /* Release */ = {
			isa = XCBuildConfiguration;
			buildSettings = {
				ALWAYS_EMBED_SWIFT_STANDARD_LIBRARIES = YES;
				BUNDLE_LOADER = "$(TEST_HOST)";
				DEVELOPMENT_TEAM = HK6UA2S7R6;
				INFOPLIST_FILE = animationTableTests/Info.plist;
				LD_RUNPATH_SEARCH_PATHS = "$(inherited) @executable_path/Frameworks @loader_path/Frameworks";
				PRODUCT_BUNDLE_IDENTIFIER = chenzuo.animationTableTests;
				PRODUCT_NAME = "$(TARGET_NAME)";
				SWIFT_VERSION = 3.0;
				TEST_HOST = "$(BUILT_PRODUCTS_DIR)/animationTable.app/animationTable";
			};
			name = Release;
		};
		4EE3F12B1DEE711E006F28AB /* Debug */ = {
			isa = XCBuildConfiguration;
			buildSettings = {
				ALWAYS_EMBED_SWIFT_STANDARD_LIBRARIES = YES;
				DEVELOPMENT_TEAM = HK6UA2S7R6;
				INFOPLIST_FILE = animationTableUITests/Info.plist;
				LD_RUNPATH_SEARCH_PATHS = "$(inherited) @executable_path/Frameworks @loader_path/Frameworks";
				PRODUCT_BUNDLE_IDENTIFIER = chenzuo.animationTableUITests;
				PRODUCT_NAME = "$(TARGET_NAME)";
				SWIFT_VERSION = 3.0;
				TEST_TARGET_NAME = animationTable;
			};
			name = Debug;
		};
		4EE3F12C1DEE711E006F28AB /* Release */ = {
			isa = XCBuildConfiguration;
			buildSettings = {
				ALWAYS_EMBED_SWIFT_STANDARD_LIBRARIES = YES;
				DEVELOPMENT_TEAM = HK6UA2S7R6;
				INFOPLIST_FILE = animationTableUITests/Info.plist;
				LD_RUNPATH_SEARCH_PATHS = "$(inherited) @executable_path/Frameworks @loader_path/Frameworks";
				PRODUCT_BUNDLE_IDENTIFIER = chenzuo.animationTableUITests;
				PRODUCT_NAME = "$(TARGET_NAME)";
				SWIFT_VERSION = 3.0;
				TEST_TARGET_NAME = animationTable;
			};
			name = Release;
		};
/* End XCBuildConfiguration section */

/* Begin XCConfigurationList section */
		4EE3F0F71DEE711E006F28AB /* Build configuration list for PBXProject "animationTable" */ = {
			isa = XCConfigurationList;
			buildConfigurations = (
				4EE3F1221DEE711E006F28AB /* Debug */,
				4EE3F1231DEE711E006F28AB /* Release */,
			);
			defaultConfigurationIsVisible = 0;
			defaultConfigurationName = Release;
		};
		4EE3F1241DEE711E006F28AB /* Build configuration list for PBXNativeTarget "animationTable" */ = {
			isa = XCConfigurationList;
			buildConfigurations = (
				4EE3F1251DEE711E006F28AB /* Debug */,
				4EE3F1261DEE711E006F28AB /* Release */,
			);
			defaultConfigurationIsVisible = 0;
		};
		4EE3F1271DEE711E006F28AB /* Build configuration list for PBXNativeTarget "animationTableTests" */ = {
			isa = XCConfigurationList;
			buildConfigurations = (
				4EE3F1281DEE711E006F28AB /* Debug */,
				4EE3F1291DEE711E006F28AB /* Release */,
			);
			defaultConfigurationIsVisible = 0;
		};
		4EE3F12A1DEE711E006F28AB /* Build configuration list for PBXNativeTarget "animationTableUITests" */ = {
			isa = XCConfigurationList;
			buildConfigurations = (
				4EE3F12B1DEE711E006F28AB /* Debug */,
				4EE3F12C1DEE711E006F28AB /* Release */,
			);
			defaultConfigurationIsVisible = 0;
		};
/* End XCConfigurationList section */
	};
	rootObject = 4EE3F0F41DEE711E006F28AB /* Project object */;
}
