// !$*UTF8*$!
{
	archiveVersion = 1;
	classes = {
	};
	objectVersion = 46;
	objects = {

/* Begin PBXBuildFile section */
		4E197A161DF95C180025BF83 /* AppDelegate.swift in Sources */ = {isa = PBXBuildFile; fileRef = 4E197A151DF95C180025BF83 /* AppDelegate.swift */; };
		4E197A1B1DF95C180025BF83 /* Main.storyboard in Resources */ = {isa = PBXBuildFile; fileRef = 4E197A191DF95C180025BF83 /* Main.storyboard */; };
		4E197A1D1DF95C180025BF83 /* Assets.xcassets in Resources */ = {isa = PBXBuildFile; fileRef = 4E197A1C1DF95C180025BF83 /* Assets.xcassets */; };
		4E197A201DF95C180025BF83 /* LaunchScreen.storyboard in Resources */ = {isa = PBXBuildFile; fileRef = 4E197A1E1DF95C180025BF83 /* LaunchScreen.storyboard */; };
		4E197A2B1DF95C180025BF83 /* CustomPullToRefreshTests.swift in Sources */ = {isa = PBXBuildFile; fileRef = 4E197A2A1DF95C180025BF83 /* CustomPullToRefreshTests.swift */; };
		4E197A361DF95C180025BF83 /* CustomPullToRefreshUITests.swift in Sources */ = {isa = PBXBuildFile; fileRef = 4E197A351DF95C180025BF83 /* CustomPullToRefreshUITests.swift */; };
		4E197A451DF95D7A0025BF83 /* MainTableViewController.swift in Sources */ = {isa = PBXBuildFile; fileRef = 4E197A431DF95D7A0025BF83 /* MainTableViewController.swift */; };
		4E197A4A1DFA49CA0025BF83 /* RefreshContents.xib in Resources */ = {isa = PBXBuildFile; fileRef = 4E197A491DFA49CA0025BF83 /* RefreshContents.xib */; };
/* End PBXBuildFile section */

/* Begin PBXContainerItemProxy section */
		4E197A271DF95C180025BF83 /* PBXContainerItemProxy */ = {
			isa = PBXContainerItemProxy;
			containerPortal = 4E197A0A1DF95C180025BF83 /* Project object */;
			proxyType = 1;
			remoteGlobalIDString = 4E197A111DF95C180025BF83;
			remoteInfo = CustomPullToRefresh;
		};
		4E197A321DF95C180025BF83 /* PBXContainerItemProxy */ = {
			isa = PBXContainerItemProxy;
			containerPortal = 4E197A0A1DF95C180025BF83 /* Project object */;
			proxyType = 1;
			remoteGlobalIDString = 4E197A111DF95C180025BF83;
			remoteInfo = CustomPullToRefresh;
		};
/* End PBXContainerItemProxy section */

/* Begin PBXFileReference section */
		4E197A121DF95C180025BF83 /* CustomPullToRefresh.app */ = {isa = PBXFileReference; explicitFileType = wrapper.application; includeInIndex = 0; path = CustomPullToRefresh.app; sourceTree = BUILT_PRODUCTS_DIR; };
		4E197A151DF95C180025BF83 /* AppDelegate.swift */ = {isa = PBXFileReference; lastKnownFileType = sourcecode.swift; path = AppDelegate.swift; sourceTree = "<group>"; };
		4E197A1A1DF95C180025BF83 /* Base */ = {isa = PBXFileReference; lastKnownFileType = file.storyboard; name = Base; path = Base.lproj/Main.storyboard; sourceTree = "<group>"; };
		4E197A1C1DF95C180025BF83 /* Assets.xcassets */ = {isa = PBXFileReference; lastKnownFileType = folder.assetcatalog; path = Assets.xcassets; sourceTree = "<group>"; };
		4E197A1F1DF95C180025BF83 /* Base */ = {isa = PBXFileReference; lastKnownFileType = file.storyboard; name = Base; path = Base.lproj/LaunchScreen.storyboard; sourceTree = "<group>"; };
		4E197A211DF95C180025BF83 /* Info.plist */ = {isa = PBXFileReference; lastKnownFileType = text.plist.xml; path = Info.plist; sourceTree = "<group>"; };
		4E197A261DF95C180025BF83 /* CustomPullToRefreshTests.xctest */ = {isa = PBXFileReference; explicitFileType = wrapper.cfbundle; includeInIndex = 0; path = CustomPullToRefreshTests.xctest; sourceTree = BUILT_PRODUCTS_DIR; };
		4E197A2A1DF95C180025BF83 /* CustomPullToRefreshTests.swift */ = {isa = PBXFileReference; lastKnownFileType = sourcecode.swift; path = CustomPullToRefreshTests.swift; sourceTree = "<group>"; };
		4E197A2C1DF95C180025BF83 /* Info.plist */ = {isa = PBXFileReference; lastKnownFileType = text.plist.xml; path = Info.plist; sourceTree = "<group>"; };
		4E197A311DF95C180025BF83 /* CustomPullToRefreshUITests.xctest */ = {isa = PBXFileReference; explicitFileType = wrapper.cfbundle; includeInIndex = 0; path = CustomPullToRefreshUITests.xctest; sourceTree = BUILT_PRODUCTS_DIR; };
		4E197A351DF95C180025BF83 /* CustomPullToRefreshUITests.swift */ = {isa = PBXFileReference; lastKnownFileType = sourcecode.swift; path = CustomPullToRefreshUITests.swift; sourceTree = "<group>"; };
		4E197A371DF95C180025BF83 /* Info.plist */ = {isa = PBXFileReference; lastKnownFileType = text.plist.xml; path = Info.plist; sourceTree = "<group>"; };
		4E197A431DF95D7A0025BF83 /* MainTableViewController.swift */ = {isa = PBXFileReference; fileEncoding = 4; lastKnownFileType = sourcecode.swift; path = MainTableViewController.swift; sourceTree = "<group>"; };
		4E197A491DFA49CA0025BF83 /* RefreshContents.xib */ = {isa = PBXFileReference; fileEncoding = 4; lastKnownFileType = file.xib; path = RefreshContents.xib; sourceTree = "<group>"; };
/* End PBXFileReference section */

/* Begin PBXFrameworksBuildPhase section */
		4E197A0F1DF95C180025BF83 /* Frameworks */ = {
			isa = PBXFrameworksBuildPhase;
			buildActionMask = 2147483647;
			files = (
			);
			runOnlyForDeploymentPostprocessing = 0;
		};
		4E197A231DF95C180025BF83 /* Frameworks */ = {
			isa = PBXFrameworksBuildPhase;
			buildActionMask = 2147483647;
			files = (
			);
			runOnlyForDeploymentPostprocessing = 0;
		};
		4E197A2E1DF95C180025BF83 /* Frameworks */ = {
			isa = PBXFrameworksBuildPhase;
			buildActionMask = 2147483647;
			files = (
			);
			runOnlyForDeploymentPostprocessing = 0;
		};
/* End PBXFrameworksBuildPhase section */

/* Begin PBXGroup section */
		4E197A091DF95C180025BF83 = {
			isa = PBXGroup;
			children = (
				4E197A141DF95C180025BF83 /* CustomPullToRefresh */,
				4E197A291DF95C180025BF83 /* CustomPullToRefreshTests */,
				4E197A341DF95C180025BF83 /* CustomPullToRefreshUITests */,
				4E197A131DF95C180025BF83 /* Products */,
			);
			sourceTree = "<group>";
		};
		4E197A131DF95C180025BF83 /* Products */ = {
			isa = PBXGroup;
			children = (
				4E197A121DF95C180025BF83 /* CustomPullToRefresh.app */,
				4E197A261DF95C180025BF83 /* CustomPullToRefreshTests.xctest */,
				4E197A311DF95C180025BF83 /* CustomPullToRefreshUITests.xctest */,
			);
			name = Products;
			sourceTree = "<group>";
		};
		4E197A141DF95C180025BF83 /* CustomPullToRefresh */ = {
			isa = PBXGroup;
			children = (
				4E197A151DF95C180025BF83 /* AppDelegate.swift */,
				4E197A431DF95D7A0025BF83 /* MainTableViewController.swift */,
				4E197A491DFA49CA0025BF83 /* RefreshContents.xib */,
				4E197A191DF95C180025BF83 /* Main.storyboard */,
				4E197A1C1DF95C180025BF83 /* Assets.xcassets */,
				4E197A1E1DF95C180025BF83 /* LaunchScreen.storyboard */,
				4E197A211DF95C180025BF83 /* Info.plist */,
			);
			path = CustomPullToRefresh;
			sourceTree = "<group>";
		};
		4E197A291DF95C180025BF83 /* CustomPullToRefreshTests */ = {
			isa = PBXGroup;
			children = (
				4E197A2A1DF95C180025BF83 /* CustomPullToRefreshTests.swift */,
				4E197A2C1DF95C180025BF83 /* Info.plist */,
			);
			path = CustomPullToRefreshTests;
			sourceTree = "<group>";
		};
		4E197A341DF95C180025BF83 /* CustomPullToRefreshUITests */ = {
			isa = PBXGroup;
			children = (
				4E197A351DF95C180025BF83 /* CustomPullToRefreshUITests.swift */,
				4E197A371DF95C180025BF83 /* Info.plist */,
			);
			path = CustomPullToRefreshUITests;
			sourceTree = "<group>";
		};
/* End PBXGroup section */

/* Begin PBXNativeTarget section */
		4E197A111DF95C180025BF83 /* CustomPullToRefresh */ = {
			isa = PBXNativeTarget;
			buildConfigurationList = 4E197A3A1DF95C180025BF83 /* Build configuration list for PBXNativeTarget "CustomPullToRefresh" */;
			buildPhases = (
				4E197A0E1DF95C180025BF83 /* Sources */,
				4E197A0F1DF95C180025BF83 /* Frameworks */,
				4E197A101DF95C180025BF83 /* Resources */,
			);
			buildRules = (
			);
			dependencies = (
			);
			name = CustomPullToRefresh;
			productName = CustomPullToRefresh;
			productReference = 4E197A121DF95C180025BF83 /* CustomPullToRefresh.app */;
			productType = "com.apple.product-type.application";
		};
		4E197A251DF95C180025BF83 /* CustomPullToRefreshTests */ = {
			isa = PBXNativeTarget;
			buildConfigurationList = 4E197A3D1DF95C180025BF83 /* Build configuration list for PBXNativeTarget "CustomPullToRefreshTests" */;
			buildPhases = (
				4E197A221DF95C180025BF83 /* Sources */,
				4E197A231DF95C180025BF83 /* Frameworks */,
				4E197A241DF95C180025BF83 /* Resources */,
			);
			buildRules = (
			);
			dependencies = (
				4E197A281DF95C180025BF83 /* PBXTargetDependency */,
			);
			name = CustomPullToRefreshTests;
			productName = CustomPullToRefreshTests;
			productReference = 4E197A261DF95C180025BF83 /* CustomPullToRefreshTests.xctest */;
			productType = "com.apple.product-type.bundle.unit-test";
		};
		4E197A301DF95C180025BF83 /* CustomPullToRefreshUITests */ = {
			isa = PBXNativeTarget;
			buildConfigurationList = 4E197A401DF95C180025BF83 /* Build configuration list for PBXNativeTarget "CustomPullToRefreshUITests" */;
			buildPhases = (
				4E197A2D1DF95C180025BF83 /* Sources */,
				4E197A2E1DF95C180025BF83 /* Frameworks */,
				4E197A2F1DF95C180025BF83 /* Resources */,
			);
			buildRules = (
			);
			dependencies = (
				4E197A331DF95C180025BF83 /* PBXTargetDependency */,
			);
			name = CustomPullToRefreshUITests;
			productName = CustomPullToRefreshUITests;
			productReference = 4E197A311DF95C180025BF83 /* CustomPullToRefreshUITests.xctest */;
			productType = "com.apple.product-type.bundle.ui-testing";
		};
/* End PBXNativeTarget section */

/* Begin PBXProject section */
		4E197A0A1DF95C180025BF83 /* Project object */ = {
			isa = PBXProject;
			attributes = {
				LastSwiftUpdateCheck = 0810;
				LastUpgradeCheck = 0810;
				ORGANIZATIONNAME = ChenZuo;
				TargetAttributes = {
					4E197A111DF95C180025BF83 = {
						CreatedOnToolsVersion = 8.1;
						DevelopmentTeam = HK6UA2S7R6;
						ProvisioningStyle = Automatic;
					};
					4E197A251DF95C180025BF83 = {
						CreatedOnToolsVersion = 8.1;
						DevelopmentTeam = HK6UA2S7R6;
						ProvisioningStyle = Automatic;
						TestTargetID = 4E197A111DF95C180025BF83;
					};
					4E197A301DF95C180025BF83 = {
						CreatedOnToolsVersion = 8.1;
						DevelopmentTeam = HK6UA2S7R6;
						ProvisioningStyle = Automatic;
						TestTargetID = 4E197A111DF95C180025BF83;
					};
				};
			};
			buildConfigurationList = 4E197A0D1DF95C180025BF83 /* Build configuration list for PBXProject "CustomPullToRefresh" */;
			compatibilityVersion = "Xcode 3.2";
			developmentRegion = English;
			hasScannedForEncodings = 0;
			knownRegions = (
				en,
				Base,
			);
			mainGroup = 4E197A091DF95C180025BF83;
			productRefGroup = 4E197A131DF95C180025BF83 /* Products */;
			projectDirPath = "";
			projectRoot = "";
			targets = (
				4E197A111DF95C180025BF83 /* CustomPullToRefresh */,
				4E197A251DF95C180025BF83 /* CustomPullToRefreshTests */,
				4E197A301DF95C180025BF83 /* CustomPullToRefreshUITests */,
			);
		};
/* End PBXProject section */

/* Begin PBXResourcesBuildPhase section */
		4E197A101DF95C180025BF83 /* Resources */ = {
			isa = PBXResourcesBuildPhase;
			buildActionMask = 2147483647;
			files = (
				4E197A201DF95C180025BF83 /* LaunchScreen.storyboard in Resources */,
				4E197A4A1DFA49CA0025BF83 /* RefreshContents.xib in Resources */,
				4E197A1D1DF95C180025BF83 /* Assets.xcassets in Resources */,
				4E197A1B1DF95C180025BF83 /* Main.storyboard in Resources */,
			);
			runOnlyForDeploymentPostprocessing = 0;
		};
		4E197A241DF95C180025BF83 /* Resources */ = {
			isa = PBXResourcesBuildPhase;
			buildActionMask = 2147483647;
			files = (
			);
			runOnlyForDeploymentPostprocessing = 0;
		};
		4E197A2F1DF95C180025BF83 /* Resources */ = {
			isa = PBXResourcesBuildPhase;
			buildActionMask = 2147483647;
			files = (
			);
			runOnlyForDeploymentPostprocessing = 0;
		};
/* End PBXResourcesBuildPhase section */

/* Begin PBXSourcesBuildPhase section */
		4E197A0E1DF95C180025BF83 /* Sources */ = {
			isa = PBXSourcesBuildPhase;
			buildActionMask = 2147483647;
			files = (
				4E197A451DF95D7A0025BF83 /* MainTableViewController.swift in Sources */,
				4E197A161DF95C180025BF83 /* AppDelegate.swift in Sources */,
			);
			runOnlyForDeploymentPostprocessing = 0;
		};
		4E197A221DF95C180025BF83 /* Sources */ = {
			isa = PBXSourcesBuildPhase;
			buildActionMask = 2147483647;
			files = (
				4E197A2B1DF95C180025BF83 /* CustomPullToRefreshTests.swift in Sources */,
			);
			runOnlyForDeploymentPostprocessing = 0;
		};
		4E197A2D1DF95C180025BF83 /* Sources */ = {
			isa = PBXSourcesBuildPhase;
			buildActionMask = 2147483647;
			files = (
				4E197A361DF95C180025BF83 /* CustomPullToRefreshUITests.swift in Sources */,
			);
			runOnlyForDeploymentPostprocessing = 0;
		};
/* End PBXSourcesBuildPhase section */

/* Begin PBXTargetDependency section */
		4E197A281DF95C180025BF83 /* PBXTargetDependency */ = {
			isa = PBXTargetDependency;
			target = 4E197A111DF95C180025BF83 /* CustomPullToRefresh */;
			targetProxy = 4E197A271DF95C180025BF83 /* PBXContainerItemProxy */;
		};
		4E197A331DF95C180025BF83 /* PBXTargetDependency */ = {
			isa = PBXTargetDependency;
			target = 4E197A111DF95C180025BF83 /* CustomPullToRefresh */;
			targetProxy = 4E197A321DF95C180025BF83 /* PBXContainerItemProxy */;
		};
/* End PBXTargetDependency section */

/* Begin PBXVariantGroup section */
		4E197A191DF95C180025BF83 /* Main.storyboard */ = {
			isa = PBXVariantGroup;
			children = (
				4E197A1A1DF95C180025BF83 /* Base */,
			);
			name = Main.storyboard;
			sourceTree = "<group>";
		};
		4E197A1E1DF95C180025BF83 /* LaunchScreen.storyboard */ = {
			isa = PBXVariantGroup;
			children = (
				4E197A1F1DF95C180025BF83 /* Base */,
			);
			name = LaunchScreen.storyboard;
			sourceTree = "<group>";
		};
/* End PBXVariantGroup section */

/* Begin XCBuildConfiguration section */
		4E197A381DF95C180025BF83 /* Debug */ = {
			isa = XCBuildConfiguration;
			buildSettings = {
				ALWAYS_SEARCH_USER_PATHS = NO;
				CLANG_ANALYZER_NONNULL = YES;
				CLANG_CXX_LANGUAGE_STANDARD = "gnu++0x";
				CLANG_CXX_LIBRARY = "libc++";
				CLANG_ENABLE_MODULES = YES;
				CLANG_ENABLE_OBJC_ARC = YES;
				CLANG_WARN_BOOL_CONVERSION = YES;
				CLANG_WARN_CONSTANT_CONVERSION = YES;
				CLANG_WARN_DIRECT_OBJC_ISA_USAGE = YES_ERROR;
				CLANG_WARN_DOCUMENTATION_COMMENTS = YES;
				CLANG_WARN_EMPTY_BODY = YES;
				CLANG_WARN_ENUM_CONVERSION = YES;
				CLANG_WARN_INFINITE_RECURSION = YES;
				CLANG_WARN_INT_CONVERSION = YES;
				CLANG_WARN_OBJC_ROOT_CLASS = YES_ERROR;
				CLANG_WARN_SUSPICIOUS_MOVES = YES;
				CLANG_WARN_UNREACHABLE_CODE = YES;
				CLANG_WARN__DUPLICATE_METHOD_MATCH = YES;
				"CODE_SIGN_IDENTITY[sdk=iphoneos*]" = "iPhone Developer";
				COPY_PHASE_STRIP = NO;
				DEBUG_INFORMATION_FORMAT = dwarf;
				ENABLE_STRICT_OBJC_MSGSEND = YES;
				ENABLE_TESTABILITY = YES;
				GCC_C_LANGUAGE_STANDARD = gnu99;
				GCC_DYNAMIC_NO_PIC = NO;
				GCC_NO_COMMON_BLOCKS = YES;
				GCC_OPTIMIZATION_LEVEL = 0;
				GCC_PREPROCESSOR_DEFINITIONS = (
					"DEBUG=1",
					"$(inherited)",
				);
				GCC_WARN_64_TO_32_BIT_CONVERSION = YES;
				GCC_WARN_ABOUT_RETURN_TYPE = YES_ERROR;
				GCC_WARN_UNDECLARED_SELECTOR = YES;
				GCC_WARN_UNINITIALIZED_AUTOS = YES_AGGRESSIVE;
				GCC_WARN_UNUSED_FUNCTION = YES;
				GCC_WARN_UNUSED_VARIABLE = YES;
				IPHONEOS_DEPLOYMENT_TARGET = 10.1;
				MTL_ENABLE_DEBUG_INFO = YES;
				ONLY_ACTIVE_ARCH = YES;
				SDKROOT = iphoneos;
				SWIFT_ACTIVE_COMPILATION_CONDITIONS = DEBUG;
				SWIFT_OPTIMIZATION_LEVEL = "-Onone";
				TARGETED_DEVICE_FAMILY = "1,2";
			};
			name = Debug;
		};
		4E197A391DF95C180025BF83 /* Release */ = {
			isa = XCBuildConfiguration;
			buildSettings = {
				ALWAYS_SEARCH_USER_PATHS = NO;
				CLANG_ANALYZER_NONNULL = YES;
				CLANG_CXX_LANGUAGE_STANDARD = "gnu++0x";
				CLANG_CXX_LIBRARY = "libc++";
				CLANG_ENABLE_MODULES = YES;
				CLANG_ENABLE_OBJC_ARC = YES;
				CLANG_WARN_BOOL_CONVERSION = YES;
				CLANG_WARN_CONSTANT_CONVERSION = YES;
				CLANG_WARN_DIRECT_OBJC_ISA_USAGE = YES_ERROR;
				CLANG_WARN_DOCUMENTATION_COMMENTS = YES;
				CLANG_WARN_EMPTY_BODY = YES;
				CLANG_WARN_ENUM_CONVERSION = YES;
				CLANG_WARN_INFINITE_RECURSION = YES;
				CLANG_WARN_INT_CONVERSION = YES;
				CLANG_WARN_OBJC_ROOT_CLASS = YES_ERROR;
				CLANG_WARN_SUSPICIOUS_MOVES = YES;
				CLANG_WARN_UNREACHABLE_CODE = YES;
				CLANG_WARN__DUPLICATE_METHOD_MATCH = YES;
				"CODE_SIGN_IDENTITY[sdk=iphoneos*]" = "iPhone Developer";
				COPY_PHASE_STRIP = NO;
				DEBUG_INFORMATION_FORMAT = "dwarf-with-dsym";
				ENABLE_NS_ASSERTIONS = NO;
				ENABLE_STRICT_OBJC_MSGSEND = YES;
				GCC_C_LANGUAGE_STANDARD = gnu99;
				GCC_NO_COMMON_BLOCKS = YES;
				GCC_WARN_64_TO_32_BIT_CONVERSION = YES;
				GCC_WARN_ABOUT_RETURN_TYPE = YES_ERROR;
				GCC_WARN_UNDECLARED_SELECTOR = YES;
				GCC_WARN_UNINITIALIZED_AUTOS = YES_AGGRESSIVE;
				GCC_WARN_UNUSED_FUNCTION = YES;
				GCC_WARN_UNUSED_VARIABLE = YES;
				IPHONEOS_DEPLOYMENT_TARGET = 10.1;
				MTL_ENABLE_DEBUG_INFO = NO;
				SDKROOT = iphoneos;
				SWIFT_OPTIMIZATION_LEVEL = "-Owholemodule";
				TARGETED_DEVICE_FAMILY = "1,2";
				VALIDATE_PRODUCT = YES;
			};
			name = Release;
		};
		4E197A3B1DF95C180025BF83 /* Debug */ = {
			isa = XCBuildConfiguration;
			buildSettings = {
				ASSETCATALOG_COMPILER_APPICON_NAME = AppIcon;
				DEVELOPMENT_TEAM = HK6UA2S7R6;
				INFOPLIST_FILE = CustomPullToRefresh/Info.plist;
				LD_RUNPATH_SEARCH_PATHS = "$(inherited) @executable_path/Frameworks";
				PRODUCT_BUNDLE_IDENTIFIER = chenzuo.CustomPullToRefresh;
				PRODUCT_NAME = "$(TARGET_NAME)";
				SWIFT_VERSION = 3.0;
			};
			name = Debug;
		};
		4E197A3C1DF95C180025BF83 /* Release */ = {
			isa = XCBuildConfiguration;
			buildSettings = {
				ASSETCATALOG_COMPILER_APPICON_NAME = AppIcon;
				DEVELOPMENT_TEAM = HK6UA2S7R6;
				INFOPLIST_FILE = CustomPullToRefresh/Info.plist;
				LD_RUNPATH_SEARCH_PATHS = "$(inherited) @executable_path/Frameworks";
				PRODUCT_BUNDLE_IDENTIFIER = chenzuo.CustomPullToRefresh;
				PRODUCT_NAME = "$(TARGET_NAME)";
				SWIFT_VERSION = 3.0;
			};
			name = Release;
		};
		4E197A3E1DF95C180025BF83 /* Debug */ = {
			isa = XCBuildConfiguration;
			buildSettings = {
				ALWAYS_EMBED_SWIFT_STANDARD_LIBRARIES = YES;
				BUNDLE_LOADER = "$(TEST_HOST)";
				DEVELOPMENT_TEAM = HK6UA2S7R6;
				INFOPLIST_FILE = CustomPullToRefreshTests/Info.plist;
				LD_RUNPATH_SEARCH_PATHS = "$(inherited) @executable_path/Frameworks @loader_path/Frameworks";
				PRODUCT_BUNDLE_IDENTIFIER = chenzuo.CustomPullToRefreshTests;
				PRODUCT_NAME = "$(TARGET_NAME)";
				SWIFT_VERSION = 3.0;
				TEST_HOST = "$(BUILT_PRODUCTS_DIR)/CustomPullToRefresh.app/CustomPullToRefresh";
			};
			name = Debug;
		};
		4E197A3F1DF95C180025BF83 /* Release */ = {
			isa = XCBuildConfiguration;
			buildSettings = {
				ALWAYS_EMBED_SWIFT_STANDARD_LIBRARIES = YES;
				BUNDLE_LOADER = "$(TEST_HOST)";
				DEVELOPMENT_TEAM = HK6UA2S7R6;
				INFOPLIST_FILE = CustomPullToRefreshTests/Info.plist;
				LD_RUNPATH_SEARCH_PATHS = "$(inherited) @executable_path/Frameworks @loader_path/Frameworks";
				PRODUCT_BUNDLE_IDENTIFIER = chenzuo.CustomPullToRefreshTests;
				PRODUCT_NAME = "$(TARGET_NAME)";
				SWIFT_VERSION = 3.0;
				TEST_HOST = "$(BUILT_PRODUCTS_DIR)/CustomPullToRefresh.app/CustomPullToRefresh";
			};
			name = Release;
		};
		4E197A411DF95C180025BF83 /* Debug */ = {
			isa = XCBuildConfiguration;
			buildSettings = {
				ALWAYS_EMBED_SWIFT_STANDARD_LIBRARIES = YES;
				DEVELOPMENT_TEAM = HK6UA2S7R6;
				INFOPLIST_FILE = CustomPullToRefreshUITests/Info.plist;
				LD_RUNPATH_SEARCH_PATHS = "$(inherited) @executable_path/Frameworks @loader_path/Frameworks";
				PRODUCT_BUNDLE_IDENTIFIER = chenzuo.CustomPullToRefreshUITests;
				PRODUCT_NAME = "$(TARGET_NAME)";
				SWIFT_VERSION = 3.0;
				TEST_TARGET_NAME = CustomPullToRefresh;
			};
			name = Debug;
		};
		4E197A421DF95C180025BF83 /* Release */ = {
			isa = XCBuildConfiguration;
			buildSettings = {
				ALWAYS_EMBED_SWIFT_STANDARD_LIBRARIES = YES;
				DEVELOPMENT_TEAM = HK6UA2S7R6;
				INFOPLIST_FILE = CustomPullToRefreshUITests/Info.plist;
				LD_RUNPATH_SEARCH_PATHS = "$(inherited) @executable_path/Frameworks @loader_path/Frameworks";
				PRODUCT_BUNDLE_IDENTIFIER = chenzuo.CustomPullToRefreshUITests;
				PRODUCT_NAME = "$(TARGET_NAME)";
				SWIFT_VERSION = 3.0;
				TEST_TARGET_NAME = CustomPullToRefresh;
			};
			name = Release;
		};
/* End XCBuildConfiguration section */

/* Begin XCConfigurationList section */
		4E197A0D1DF95C180025BF83 /* Build configuration list for PBXProject "CustomPullToRefresh" */ = {
			isa = XCConfigurationList;
			buildConfigurations = (
				4E197A381DF95C180025BF83 /* Debug */,
				4E197A391DF95C180025BF83 /* Release */,
			);
			defaultConfigurationIsVisible = 0;
			defaultConfigurationName = Release;
		};
		4E197A3A1DF95C180025BF83 /* Build configuration list for PBXNativeTarget "CustomPullToRefresh" */ = {
			isa = XCConfigurationList;
			buildConfigurations = (
				4E197A3B1DF95C180025BF83 /* Debug */,
				4E197A3C1DF95C180025BF83 /* Release */,
			);
			defaultConfigurationIsVisible = 0;
		};
		4E197A3D1DF95C180025BF83 /* Build configuration list for PBXNativeTarget "CustomPullToRefreshTests" */ = {
			isa = XCConfigurationList;
			buildConfigurations = (
				4E197A3E1DF95C180025BF83 /* Debug */,
				4E197A3F1DF95C180025BF83 /* Release */,
			);
			defaultConfigurationIsVisible = 0;
		};
		4E197A401DF95C180025BF83 /* Build configuration list for PBXNativeTarget "CustomPullToRefreshUITests" */ = {
			isa = XCConfigurationList;
			buildConfigurations = (
				4E197A411DF95C180025BF83 /* Debug */,
				4E197A421DF95C180025BF83 /* Release */,
			);
			defaultConfigurationIsVisible = 0;
		};
/* End XCConfigurationList section */
	};
	rootObject = 4E197A0A1DF95C180025BF83 /* Project object */;
}
