// !$*UTF8*$!
{
	archiveVersion = 1;
	classes = {
	};
	objectVersion = 46;
	objects = {

/* Begin PBXBuildFile section */
		4EA77AD91E00ECCC002635EB /* AppDelegate.swift in Sources */ = {isa = PBXBuildFile; fileRef = 4EA77AD81E00ECCC002635EB /* AppDelegate.swift */; };
		4EA77ADE1E00ECCC002635EB /* Main.storyboard in Resources */ = {isa = PBXBuildFile; fileRef = 4EA77ADC1E00ECCC002635EB /* Main.storyboard */; };
		4EA77AE01E00ECCC002635EB /* Assets.xcassets in Resources */ = {isa = PBXBuildFile; fileRef = 4EA77ADF1E00ECCC002635EB /* Assets.xcassets */; };
		4EA77AE31E00ECCC002635EB /* LaunchScreen.storyboard in Resources */ = {isa = PBXBuildFile; fileRef = 4EA77AE11E00ECCC002635EB /* LaunchScreen.storyboard */; };
		4EA77AEE1E00ECCC002635EB /* SwipeableCellTests.swift in Sources */ = {isa = PBXBuildFile; fileRef = 4EA77AED1E00ECCC002635EB /* SwipeableCellTests.swift */; };
		4EA77AF91E00ECCC002635EB /* SwipeableCellUITests.swift in Sources */ = {isa = PBXBuildFile; fileRef = 4EA77AF81E00ECCC002635EB /* SwipeableCellUITests.swift */; };
		4EA77B071E011BB1002635EB /* PatternCell.swift in Sources */ = {isa = PBXBuildFile; fileRef = 4EA77B061E011BB1002635EB /* PatternCell.swift */; };
		4EA77B091E011DDA002635EB /* ViewController.swift in Sources */ = {isa = PBXBuildFile; fileRef = 4EA77B081E011DDA002635EB /* ViewController.swift */; };
/* End PBXBuildFile section */

/* Begin PBXContainerItemProxy section */
		4EA77AEA1E00ECCC002635EB /* PBXContainerItemProxy */ = {
			isa = PBXContainerItemProxy;
			containerPortal = 4EA77ACD1E00ECCC002635EB /* Project object */;
			proxyType = 1;
			remoteGlobalIDString = 4EA77AD41E00ECCC002635EB;
			remoteInfo = SwipeableCell;
		};
		4EA77AF51E00ECCC002635EB /* PBXContainerItemProxy */ = {
			isa = PBXContainerItemProxy;
			containerPortal = 4EA77ACD1E00ECCC002635EB /* Project object */;
			proxyType = 1;
			remoteGlobalIDString = 4EA77AD41E00ECCC002635EB;
			remoteInfo = SwipeableCell;
		};
/* End PBXContainerItemProxy section */

/* Begin PBXFileReference section */
		4EA77AD51E00ECCC002635EB /* SwipeableCell.app */ = {isa = PBXFileReference; explicitFileType = wrapper.application; includeInIndex = 0; path = SwipeableCell.app; sourceTree = BUILT_PRODUCTS_DIR; };
		4EA77AD81E00ECCC002635EB /* AppDelegate.swift */ = {isa = PBXFileReference; lastKnownFileType = sourcecode.swift; path = AppDelegate.swift; sourceTree = "<group>"; };
		4EA77ADD1E00ECCC002635EB /* Base */ = {isa = PBXFileReference; lastKnownFileType = file.storyboard; name = Base; path = Base.lproj/Main.storyboard; sourceTree = "<group>"; };
		4EA77ADF1E00ECCC002635EB /* Assets.xcassets */ = {isa = PBXFileReference; lastKnownFileType = folder.assetcatalog; path = Assets.xcassets; sourceTree = "<group>"; };
		4EA77AE21E00ECCC002635EB /* Base */ = {isa = PBXFileReference; lastKnownFileType = file.storyboard; name = Base; path = Base.lproj/LaunchScreen.storyboard; sourceTree = "<group>"; };
		4EA77AE41E00ECCC002635EB /* Info.plist */ = {isa = PBXFileReference; lastKnownFileType = text.plist.xml; path = Info.plist; sourceTree = "<group>"; };
		4EA77AE91E00ECCC002635EB /* SwipeableCellTests.xctest */ = {isa = PBXFileReference; explicitFileType = wrapper.cfbundle; includeInIndex = 0; path = SwipeableCellTests.xctest; sourceTree = BUILT_PRODUCTS_DIR; };
		4EA77AED1E00ECCC002635EB /* SwipeableCellTests.swift */ = {isa = PBXFileReference; lastKnownFileType = sourcecode.swift; path = SwipeableCellTests.swift; sourceTree = "<group>"; };
		4EA77AEF1E00ECCC002635EB /* Info.plist */ = {isa = PBXFileReference; lastKnownFileType = text.plist.xml; path = Info.plist; sourceTree = "<group>"; };
		4EA77AF41E00ECCC002635EB /* SwipeableCellUITests.xctest */ = {isa = PBXFileReference; explicitFileType = wrapper.cfbundle; includeInIndex = 0; path = SwipeableCellUITests.xctest; sourceTree = BUILT_PRODUCTS_DIR; };
		4EA77AF81E00ECCC002635EB /* SwipeableCellUITests.swift */ = {isa = PBXFileReference; lastKnownFileType = sourcecode.swift; path = SwipeableCellUITests.swift; sourceTree = "<group>"; };
		4EA77AFA1E00ECCC002635EB /* Info.plist */ = {isa = PBXFileReference; lastKnownFileType = text.plist.xml; path = Info.plist; sourceTree = "<group>"; };
		4EA77B061E011BB1002635EB /* PatternCell.swift */ = {isa = PBXFileReference; fileEncoding = 4; lastKnownFileType = sourcecode.swift; path = PatternCell.swift; sourceTree = "<group>"; };
		4EA77B081E011DDA002635EB /* ViewController.swift */ = {isa = PBXFileReference; fileEncoding = 4; lastKnownFileType = sourcecode.swift; path = ViewController.swift; sourceTree = "<group>"; };
/* End PBXFileReference section */

/* Begin PBXFrameworksBuildPhase section */
		4EA77AD21E00ECCC002635EB /* Frameworks */ = {
			isa = PBXFrameworksBuildPhase;
			buildActionMask = 2147483647;
			files = (
			);
			runOnlyForDeploymentPostprocessing = 0;
		};
		4EA77AE61E00ECCC002635EB /* Frameworks */ = {
			isa = PBXFrameworksBuildPhase;
			buildActionMask = 2147483647;
			files = (
			);
			runOnlyForDeploymentPostprocessing = 0;
		};
		4EA77AF11E00ECCC002635EB /* Frameworks */ = {
			isa = PBXFrameworksBuildPhase;
			buildActionMask = 2147483647;
			files = (
			);
			runOnlyForDeploymentPostprocessing = 0;
		};
/* End PBXFrameworksBuildPhase section */

/* Begin PBXGroup section */
		4EA77ACC1E00ECCC002635EB = {
			isa = PBXGroup;
			children = (
				4EA77AD71E00ECCC002635EB /* SwipeableCell */,
				4EA77AEC1E00ECCC002635EB /* SwipeableCellTests */,
				4EA77AF71E00ECCC002635EB /* SwipeableCellUITests */,
				4EA77AD61E00ECCC002635EB /* Products */,
			);
			sourceTree = "<group>";
		};
		4EA77AD61E00ECCC002635EB /* Products */ = {
			isa = PBXGroup;
			children = (
				4EA77AD51E00ECCC002635EB /* SwipeableCell.app */,
				4EA77AE91E00ECCC002635EB /* SwipeableCellTests.xctest */,
				4EA77AF41E00ECCC002635EB /* SwipeableCellUITests.xctest */,
			);
			name = Products;
			sourceTree = "<group>";
		};
		4EA77AD71E00ECCC002635EB /* SwipeableCell */ = {
			isa = PBXGroup;
			children = (
				4EA77AD81E00ECCC002635EB /* AppDelegate.swift */,
				4EA77B081E011DDA002635EB /* ViewController.swift */,
				4EA77B061E011BB1002635EB /* PatternCell.swift */,
				4EA77ADC1E00ECCC002635EB /* Main.storyboard */,
				4EA77ADF1E00ECCC002635EB /* Assets.xcassets */,
				4EA77AE11E00ECCC002635EB /* LaunchScreen.storyboard */,
				4EA77AE41E00ECCC002635EB /* Info.plist */,
			);
			path = SwipeableCell;
			sourceTree = "<group>";
		};
		4EA77AEC1E00ECCC002635EB /* SwipeableCellTests */ = {
			isa = PBXGroup;
			children = (
				4EA77AED1E00ECCC002635EB /* SwipeableCellTests.swift */,
				4EA77AEF1E00ECCC002635EB /* Info.plist */,
			);
			path = SwipeableCellTests;
			sourceTree = "<group>";
		};
		4EA77AF71E00ECCC002635EB /* SwipeableCellUITests */ = {
			isa = PBXGroup;
			children = (
				4EA77AF81E00ECCC002635EB /* SwipeableCellUITests.swift */,
				4EA77AFA1E00ECCC002635EB /* Info.plist */,
			);
			path = SwipeableCellUITests;
			sourceTree = "<group>";
		};
/* End PBXGroup section */

/* Begin PBXNativeTarget section */
		4EA77AD41E00ECCC002635EB /* SwipeableCell */ = {
			isa = PBXNativeTarget;
			buildConfigurationList = 4EA77AFD1E00ECCC002635EB /* Build configuration list for PBXNativeTarget "SwipeableCell" */;
			buildPhases = (
				4EA77AD11E00ECCC002635EB /* Sources */,
				4EA77AD21E00ECCC002635EB /* Frameworks */,
				4EA77AD31E00ECCC002635EB /* Resources */,
			);
			buildRules = (
			);
			dependencies = (
			);
			name = SwipeableCell;
			productName = SwipeableCell;
			productReference = 4EA77AD51E00ECCC002635EB /* SwipeableCell.app */;
			productType = "com.apple.product-type.application";
		};
		4EA77AE81E00ECCC002635EB /* SwipeableCellTests */ = {
			isa = PBXNativeTarget;
			buildConfigurationList = 4EA77B001E00ECCC002635EB /* Build configuration list for PBXNativeTarget "SwipeableCellTests" */;
			buildPhases = (
				4EA77AE51E00ECCC002635EB /* Sources */,
				4EA77AE61E00ECCC002635EB /* Frameworks */,
				4EA77AE71E00ECCC002635EB /* Resources */,
			);
			buildRules = (
			);
			dependencies = (
				4EA77AEB1E00ECCC002635EB /* PBXTargetDependency */,
			);
			name = SwipeableCellTests;
			productName = SwipeableCellTests;
			productReference = 4EA77AE91E00ECCC002635EB /* SwipeableCellTests.xctest */;
			productType = "com.apple.product-type.bundle.unit-test";
		};
		4EA77AF31E00ECCC002635EB /* SwipeableCellUITests */ = {
			isa = PBXNativeTarget;
			buildConfigurationList = 4EA77B031E00ECCC002635EB /* Build configuration list for PBXNativeTarget "SwipeableCellUITests" */;
			buildPhases = (
				4EA77AF01E00ECCC002635EB /* Sources */,
				4EA77AF11E00ECCC002635EB /* Frameworks */,
				4EA77AF21E00ECCC002635EB /* Resources */,
			);
			buildRules = (
			);
			dependencies = (
				4EA77AF61E00ECCC002635EB /* PBXTargetDependency */,
			);
			name = SwipeableCellUITests;
			productName = SwipeableCellUITests;
			productReference = 4EA77AF41E00ECCC002635EB /* SwipeableCellUITests.xctest */;
			productType = "com.apple.product-type.bundle.ui-testing";
		};
/* End PBXNativeTarget section */

/* Begin PBXProject section */
		4EA77ACD1E00ECCC002635EB /* Project object */ = {
			isa = PBXProject;
			attributes = {
				LastSwiftUpdateCheck = 0810;
				LastUpgradeCheck = 0810;
				ORGANIZATIONNAME = ChenZuo;
				TargetAttributes = {
					4EA77AD41E00ECCC002635EB = {
						CreatedOnToolsVersion = 8.1;
						DevelopmentTeam = HK6UA2S7R6;
						ProvisioningStyle = Automatic;
					};
					4EA77AE81E00ECCC002635EB = {
						CreatedOnToolsVersion = 8.1;
						DevelopmentTeam = HK6UA2S7R6;
						ProvisioningStyle = Automatic;
						TestTargetID = 4EA77AD41E00ECCC002635EB;
					};
					4EA77AF31E00ECCC002635EB = {
						CreatedOnToolsVersion = 8.1;
						DevelopmentTeam = HK6UA2S7R6;
						ProvisioningStyle = Automatic;
						TestTargetID = 4EA77AD41E00ECCC002635EB;
					};
				};
			};
			buildConfigurationList = 4EA77AD01E00ECCC002635EB /* Build configuration list for PBXProject "SwipeableCell" */;
			compatibilityVersion = "Xcode 3.2";
			developmentRegion = English;
			hasScannedForEncodings = 0;
			knownRegions = (
				en,
				Base,
			);
			mainGroup = 4EA77ACC1E00ECCC002635EB;
			productRefGroup = 4EA77AD61E00ECCC002635EB /* Products */;
			projectDirPath = "";
			projectRoot = "";
			targets = (
				4EA77AD41E00ECCC002635EB /* SwipeableCell */,
				4EA77AE81E00ECCC002635EB /* SwipeableCellTests */,
				4EA77AF31E00ECCC002635EB /* SwipeableCellUITests */,
			);
		};
/* End PBXProject section */

/* Begin PBXResourcesBuildPhase section */
		4EA77AD31E00ECCC002635EB /* Resources */ = {
			isa = PBXResourcesBuildPhase;
			buildActionMask = 2147483647;
			files = (
				4EA77AE31E00ECCC002635EB /* LaunchScreen.storyboard in Resources */,
				4EA77AE01E00ECCC002635EB /* Assets.xcassets in Resources */,
				4EA77ADE1E00ECCC002635EB /* Main.storyboard in Resources */,
			);
			runOnlyForDeploymentPostprocessing = 0;
		};
		4EA77AE71E00ECCC002635EB /* Resources */ = {
			isa = PBXResourcesBuildPhase;
			buildActionMask = 2147483647;
			files = (
			);
			runOnlyForDeploymentPostprocessing = 0;
		};
		4EA77AF21E00ECCC002635EB /* Resources */ = {
			isa = PBXResourcesBuildPhase;
			buildActionMask = 2147483647;
			files = (
			);
			runOnlyForDeploymentPostprocessing = 0;
		};
/* End PBXResourcesBuildPhase section */

/* Begin PBXSourcesBuildPhase section */
		4EA77AD11E00ECCC002635EB /* Sources */ = {
			isa = PBXSourcesBuildPhase;
			buildActionMask = 2147483647;
			files = (
				4EA77B091E011DDA002635EB /* ViewController.swift in Sources */,
				4EA77B071E011BB1002635EB /* PatternCell.swift in Sources */,
				4EA77AD91E00ECCC002635EB /* AppDelegate.swift in Sources */,
			);
			runOnlyForDeploymentPostprocessing = 0;
		};
		4EA77AE51E00ECCC002635EB /* Sources */ = {
			isa = PBXSourcesBuildPhase;
			buildActionMask = 2147483647;
			files = (
				4EA77AEE1E00ECCC002635EB /* SwipeableCellTests.swift in Sources */,
			);
			runOnlyForDeploymentPostprocessing = 0;
		};
		4EA77AF01E00ECCC002635EB /* Sources */ = {
			isa = PBXSourcesBuildPhase;
			buildActionMask = 2147483647;
			files = (
				4EA77AF91E00ECCC002635EB /* SwipeableCellUITests.swift in Sources */,
			);
			runOnlyForDeploymentPostprocessing = 0;
		};
/* End PBXSourcesBuildPhase section */

/* Begin PBXTargetDependency section */
		4EA77AEB1E00ECCC002635EB /* PBXTargetDependency */ = {
			isa = PBXTargetDependency;
			target = 4EA77AD41E00ECCC002635EB /* SwipeableCell */;
			targetProxy = 4EA77AEA1E00ECCC002635EB /* PBXContainerItemProxy */;
		};
		4EA77AF61E00ECCC002635EB /* PBXTargetDependency */ = {
			isa = PBXTargetDependency;
			target = 4EA77AD41E00ECCC002635EB /* SwipeableCell */;
			targetProxy = 4EA77AF51E00ECCC002635EB /* PBXContainerItemProxy */;
		};
/* End PBXTargetDependency section */

/* Begin PBXVariantGroup section */
		4EA77ADC1E00ECCC002635EB /* Main.storyboard */ = {
			isa = PBXVariantGroup;
			children = (
				4EA77ADD1E00ECCC002635EB /* Base */,
			);
			name = Main.storyboard;
			sourceTree = "<group>";
		};
		4EA77AE11E00ECCC002635EB /* LaunchScreen.storyboard */ = {
			isa = PBXVariantGroup;
			children = (
				4EA77AE21E00ECCC002635EB /* Base */,
			);
			name = LaunchScreen.storyboard;
			sourceTree = "<group>";
		};
/* End PBXVariantGroup section */

/* Begin XCBuildConfiguration section */
		4EA77AFB1E00ECCC002635EB /* Debug */ = {
			isa = XCBuildConfiguration;
			buildSettings = {
				ALWAYS_SEARCH_USER_PATHS = NO;
				CLANG_ANALYZER_NONNULL = YES;
				CLANG_CXX_LANGUAGE_STANDARD = "gnu++0x";
				CLANG_CXX_LIBRARY = "libc++";
				CLANG_ENABLE_MODULES = YES;
				CLANG_ENABLE_OBJC_ARC = YES;
				CLANG_WARN_BOOL_CONVERSION = YES;
				CLANG_WARN_CONSTANT_CONVERSION = YES;
				CLANG_WARN_DIRECT_OBJC_ISA_USAGE = YES_ERROR;
				CLANG_WARN_DOCUMENTATION_COMMENTS = YES;
				CLANG_WARN_EMPTY_BODY = YES;
				CLANG_WARN_ENUM_CONVERSION = YES;
				CLANG_WARN_INFINITE_RECURSION = YES;
				CLANG_WARN_INT_CONVERSION = YES;
				CLANG_WARN_OBJC_ROOT_CLASS = YES_ERROR;
				CLANG_WARN_SUSPICIOUS_MOVES = YES;
				CLANG_WARN_UNREACHABLE_CODE = YES;
				CLANG_WARN__DUPLICATE_METHOD_MATCH = YES;
				"CODE_SIGN_IDENTITY[sdk=iphoneos*]" = "iPhone Developer";
				COPY_PHASE_STRIP = NO;
				DEBUG_INFORMATION_FORMAT = dwarf;
				ENABLE_STRICT_OBJC_MSGSEND = YES;
				ENABLE_TESTABILITY = YES;
				GCC_C_LANGUAGE_STANDARD = gnu99;
				GCC_DYNAMIC_NO_PIC = NO;
				GCC_NO_COMMON_BLOCKS = YES;
				GCC_OPTIMIZATION_LEVEL = 0;
				GCC_PREPROCESSOR_DEFINITIONS = (
					"DEBUG=1",
					"$(inherited)",
				);
				GCC_WARN_64_TO_32_BIT_CONVERSION = YES;
				GCC_WARN_ABOUT_RETURN_TYPE = YES_ERROR;
				GCC_WARN_UNDECLARED_SELECTOR = YES;
				GCC_WARN_UNINITIALIZED_AUTOS = YES_AGGRESSIVE;
				GCC_WARN_UNUSED_FUNCTION = YES;
				GCC_WARN_UNUSED_VARIABLE = YES;
				IPHONEOS_DEPLOYMENT_TARGET = 10.1;
				MTL_ENABLE_DEBUG_INFO = YES;
				ONLY_ACTIVE_ARCH = YES;
				SDKROOT = iphoneos;
				SWIFT_ACTIVE_COMPILATION_CONDITIONS = DEBUG;
				SWIFT_OPTIMIZATION_LEVEL = "-Onone";
				TARGETED_DEVICE_FAMILY = "1,2";
			};
			name = Debug;
		};
		4EA77AFC1E00ECCC002635EB /* Release */ = {
			isa = XCBuildConfiguration;
			buildSettings = {
				ALWAYS_SEARCH_USER_PATHS = NO;
				CLANG_ANALYZER_NONNULL = YES;
				CLANG_CXX_LANGUAGE_STANDARD = "gnu++0x";
				CLANG_CXX_LIBRARY = "libc++";
				CLANG_ENABLE_MODULES = YES;
				CLANG_ENABLE_OBJC_ARC = YES;
				CLANG_WARN_BOOL_CONVERSION = YES;
				CLANG_WARN_CONSTANT_CONVERSION = YES;
				CLANG_WARN_DIRECT_OBJC_ISA_USAGE = YES_ERROR;
				CLANG_WARN_DOCUMENTATION_COMMENTS = YES;
				CLANG_WARN_EMPTY_BODY = YES;
				CLANG_WARN_ENUM_CONVERSION = YES;
				CLANG_WARN_INFINITE_RECURSION = YES;
				CLANG_WARN_INT_CONVERSION = YES;
				CLANG_WARN_OBJC_ROOT_CLASS = YES_ERROR;
				CLANG_WARN_SUSPICIOUS_MOVES = YES;
				CLANG_WARN_UNREACHABLE_CODE = YES;
				CLANG_WARN__DUPLICATE_METHOD_MATCH = YES;
				"CODE_SIGN_IDENTITY[sdk=iphoneos*]" = "iPhone Developer";
				COPY_PHASE_STRIP = NO;
				DEBUG_INFORMATION_FORMAT = "dwarf-with-dsym";
				ENABLE_NS_ASSERTIONS = NO;
				ENABLE_STRICT_OBJC_MSGSEND = YES;
				GCC_C_LANGUAGE_STANDARD = gnu99;
				GCC_NO_COMMON_BLOCKS = YES;
				GCC_WARN_64_TO_32_BIT_CONVERSION = YES;
				GCC_WARN_ABOUT_RETURN_TYPE = YES_ERROR;
				GCC_WARN_UNDECLARED_SELECTOR = YES;
				GCC_WARN_UNINITIALIZED_AUTOS = YES_AGGRESSIVE;
				GCC_WARN_UNUSED_FUNCTION = YES;
				GCC_WARN_UNUSED_VARIABLE = YES;
				IPHONEOS_DEPLOYMENT_TARGET = 10.1;
				MTL_ENABLE_DEBUG_INFO = NO;
				SDKROOT = iphoneos;
				SWIFT_OPTIMIZATION_LEVEL = "-Owholemodule";
				TARGETED_DEVICE_FAMILY = "1,2";
				VALIDATE_PRODUCT = YES;
			};
			name = Release;
		};
		4EA77AFE1E00ECCC002635EB /* Debug */ = {
			isa = XCBuildConfiguration;
			buildSettings = {
				ASSETCATALOG_COMPILER_APPICON_NAME = AppIcon;
				DEVELOPMENT_TEAM = HK6UA2S7R6;
				INFOPLIST_FILE = SwipeableCell/Info.plist;
				LD_RUNPATH_SEARCH_PATHS = "$(inherited) @executable_path/Frameworks";
				PRODUCT_BUNDLE_IDENTIFIER = chenzuo.SwipeableCell;
				PRODUCT_NAME = "$(TARGET_NAME)";
				SWIFT_VERSION = 3.0;
			};
			name = Debug;
		};
		4EA77AFF1E00ECCC002635EB /* Release */ = {
			isa = XCBuildConfiguration;
			buildSettings = {
				ASSETCATALOG_COMPILER_APPICON_NAME = AppIcon;
				DEVELOPMENT_TEAM = HK6UA2S7R6;
				INFOPLIST_FILE = SwipeableCell/Info.plist;
				LD_RUNPATH_SEARCH_PATHS = "$(inherited) @executable_path/Frameworks";
				PRODUCT_BUNDLE_IDENTIFIER = chenzuo.SwipeableCell;
				PRODUCT_NAME = "$(TARGET_NAME)";
				SWIFT_VERSION = 3.0;
			};
			name = Release;
		};
		4EA77B011E00ECCC002635EB /* Debug */ = {
			isa = XCBuildConfiguration;
			buildSettings = {
				ALWAYS_EMBED_SWIFT_STANDARD_LIBRARIES = YES;
				BUNDLE_LOADER = "$(TEST_HOST)";
				DEVELOPMENT_TEAM = HK6UA2S7R6;
				INFOPLIST_FILE = SwipeableCellTests/Info.plist;
				LD_RUNPATH_SEARCH_PATHS = "$(inherited) @executable_path/Frameworks @loader_path/Frameworks";
				PRODUCT_BUNDLE_IDENTIFIER = chenzuo.SwipeableCellTests;
				PRODUCT_NAME = "$(TARGET_NAME)";
				SWIFT_VERSION = 3.0;
				TEST_HOST = "$(BUILT_PRODUCTS_DIR)/SwipeableCell.app/SwipeableCell";
			};
			name = Debug;
		};
		4EA77B021E00ECCC002635EB /* Release */ = {
			isa = XCBuildConfiguration;
			buildSettings = {
				ALWAYS_EMBED_SWIFT_STANDARD_LIBRARIES = YES;
				BUNDLE_LOADER = "$(TEST_HOST)";
				DEVELOPMENT_TEAM = HK6UA2S7R6;
				INFOPLIST_FILE = SwipeableCellTests/Info.plist;
				LD_RUNPATH_SEARCH_PATHS = "$(inherited) @executable_path/Frameworks @loader_path/Frameworks";
				PRODUCT_BUNDLE_IDENTIFIER = chenzuo.SwipeableCellTests;
				PRODUCT_NAME = "$(TARGET_NAME)";
				SWIFT_VERSION = 3.0;
				TEST_HOST = "$(BUILT_PRODUCTS_DIR)/SwipeableCell.app/SwipeableCell";
			};
			name = Release;
		};
		4EA77B041E00ECCC002635EB /* Debug */ = {
			isa = XCBuildConfiguration;
			buildSettings = {
				ALWAYS_EMBED_SWIFT_STANDARD_LIBRARIES = YES;
				DEVELOPMENT_TEAM = HK6UA2S7R6;
				INFOPLIST_FILE = SwipeableCellUITests/Info.plist;
				LD_RUNPATH_SEARCH_PATHS = "$(inherited) @executable_path/Frameworks @loader_path/Frameworks";
				PRODUCT_BUNDLE_IDENTIFIER = chenzuo.SwipeableCellUITests;
				PRODUCT_NAME = "$(TARGET_NAME)";
				SWIFT_VERSION = 3.0;
				TEST_TARGET_NAME = SwipeableCell;
			};
			name = Debug;
		};
		4EA77B051E00ECCC002635EB /* Release */ = {
			isa = XCBuildConfiguration;
			buildSettings = {
				ALWAYS_EMBED_SWIFT_STANDARD_LIBRARIES = YES;
				DEVELOPMENT_TEAM = HK6UA2S7R6;
				INFOPLIST_FILE = SwipeableCellUITests/Info.plist;
				LD_RUNPATH_SEARCH_PATHS = "$(inherited) @executable_path/Frameworks @loader_path/Frameworks";
				PRODUCT_BUNDLE_IDENTIFIER = chenzuo.SwipeableCellUITests;
				PRODUCT_NAME = "$(TARGET_NAME)";
				SWIFT_VERSION = 3.0;
				TEST_TARGET_NAME = SwipeableCell;
			};
			name = Release;
		};
/* End XCBuildConfiguration section */

/* Begin XCConfigurationList section */
		4EA77AD01E00ECCC002635EB /* Build configuration list for PBXProject "SwipeableCell" */ = {
			isa = XCConfigurationList;
			buildConfigurations = (
				4EA77AFB1E00ECCC002635EB /* Debug */,
				4EA77AFC1E00ECCC002635EB /* Release */,
			);
			defaultConfigurationIsVisible = 0;
			defaultConfigurationName = Release;
		};
		4EA77AFD1E00ECCC002635EB /* Build configuration list for PBXNativeTarget "SwipeableCell" */ = {
			isa = XCConfigurationList;
			buildConfigurations = (
				4EA77AFE1E00ECCC002635EB /* Debug */,
				4EA77AFF1E00ECCC002635EB /* Release */,
			);
			defaultConfigurationIsVisible = 0;
		};
		4EA77B001E00ECCC002635EB /* Build configuration list for PBXNativeTarget "SwipeableCellTests" */ = {
			isa = XCConfigurationList;
			buildConfigurations = (
				4EA77B011E00ECCC002635EB /* Debug */,
				4EA77B021E00ECCC002635EB /* Release */,
			);
			defaultConfigurationIsVisible = 0;
		};
		4EA77B031E00ECCC002635EB /* Build configuration list for PBXNativeTarget "SwipeableCellUITests" */ = {
			isa = XCConfigurationList;
			buildConfigurations = (
				4EA77B041E00ECCC002635EB /* Debug */,
				4EA77B051E00ECCC002635EB /* Release */,
			);
			defaultConfigurationIsVisible = 0;
		};
/* End XCConfigurationList section */
	};
	rootObject = 4EA77ACD1E00ECCC002635EB /* Project object */;
}
